// !$*UTF8*$!
{
	archiveVersion = 1;
	classes = {
	};
	objectVersion = 50;
	objects = {

/* Begin PBXBuildFile section */
		A20B8222257A76C800FEA9E4 /* Coffee+Mapping.swift in Sources */ = {isa = PBXBuildFile; fileRef = A20B8221257A76C800FEA9E4 /* Coffee+Mapping.swift */; };
		A20B8237257A862E00FEA9E4 /* CoffeeUseCase.swift in Sources */ = {isa = PBXBuildFile; fileRef = A20B8236257A862E00FEA9E4 /* CoffeeUseCase.swift */; };
		A20B8252257A8DA900FEA9E4 /* AddCoffeeView.swift in Sources */ = {isa = PBXBuildFile; fileRef = A20B8251257A8DA900FEA9E4 /* AddCoffeeView.swift */; };
		A24321D225821E9900863C71 /* AddCoffeeViewModel.swift in Sources */ = {isa = PBXBuildFile; fileRef = A24321D125821E9900863C71 /* AddCoffeeViewModel.swift */; };
		A2576DA6256B9B4A00B1EF86 /* CoffeeMaker.xcdatamodeld in Sources */ = {isa = PBXBuildFile; fileRef = A2EFC601255EB19700D9E93F /* CoffeeMaker.xcdatamodeld */; };
		A2576DAD256B9B6300B1EF86 /* CoreDataStack.swift in Sources */ = {isa = PBXBuildFile; fileRef = A2EFC5FF255EB19700D9E93F /* CoreDataStack.swift */; };
		A2576DBC256BA1B100B1EF86 /* CoffeeRepository.swift in Sources */ = {isa = PBXBuildFile; fileRef = A2576DBB256BA1B100B1EF86 /* CoffeeRepository.swift */; };
		A2576DC5256BC2D800B1EF86 /* CoreDataCoffeeRepository.swift in Sources */ = {isa = PBXBuildFile; fileRef = A2576DC4256BC2D800B1EF86 /* CoreDataCoffeeRepository.swift */; };
		A2A9DF9F270C5120006B1E60 /* GetSelectedCoffee.swift in Sources */ = {isa = PBXBuildFile; fileRef = A2A9DF9E270C5120006B1E60 /* GetSelectedCoffee.swift */; };
		A2A9DFA1270C512A006B1E60 /* SetSelectedCoffee.swift in Sources */ = {isa = PBXBuildFile; fileRef = A2A9DFA0270C512A006B1E60 /* SetSelectedCoffee.swift */; };
		A2A9DFA3270C532E006B1E60 /* SelectedCoffeeRepository.swift in Sources */ = {isa = PBXBuildFile; fileRef = A2A9DFA2270C532E006B1E60 /* SelectedCoffeeRepository.swift */; };
		A2A9DFA5270C5DE3006B1E60 /* UserDefaultsSelectedCoffeeRepository.swift in Sources */ = {isa = PBXBuildFile; fileRef = A2A9DFA4270C5DE3006B1E60 /* UserDefaultsSelectedCoffeeRepository.swift */; };
		A2A9DFA7270C7C7D006B1E60 /* ActiveCoffeeView.swift in Sources */ = {isa = PBXBuildFile; fileRef = A2A9DFA6270C7C7D006B1E60 /* ActiveCoffeeView.swift */; };
		A2A9DFAA270C7CC6006B1E60 /* ActiveCoffeeViewModel.swift in Sources */ = {isa = PBXBuildFile; fileRef = A2A9DFA9270C7CC6006B1E60 /* ActiveCoffeeViewModel.swift */; };
		A2A9DFAD270C7D83006B1E60 /* Color+CoffeeMaker.swift in Sources */ = {isa = PBXBuildFile; fileRef = A2A9DFAC270C7D83006B1E60 /* Color+CoffeeMaker.swift */; };
		A2A9DFB0270EBA44006B1E60 /* CoffeeBrewing.swift in Sources */ = {isa = PBXBuildFile; fileRef = A2A9DFAF270EBA44006B1E60 /* CoffeeBrewing.swift */; };
		A2A9DFB2270ECFB1006B1E60 /* CoffeeBrewing+Mapping.swift in Sources */ = {isa = PBXBuildFile; fileRef = A2A9DFB1270ECFB1006B1E60 /* CoffeeBrewing+Mapping.swift */; };
		A2A9DFB8270EFC2A006B1E60 /* MockedModels.swift in Sources */ = {isa = PBXBuildFile; fileRef = A2A9DFB4270EF7A0006B1E60 /* MockedModels.swift */; };
		A2A9DFB9270EFC35006B1E60 /* MockedUseCases.swift in Sources */ = {isa = PBXBuildFile; fileRef = A2A9DFB6270EF7AB006B1E60 /* MockedUseCases.swift */; };
		A2A9DFBB270F0CF1006B1E60 /* Font+CoffeeMaker.swift in Sources */ = {isa = PBXBuildFile; fileRef = A2A9DFBA270F0CF1006B1E60 /* Font+CoffeeMaker.swift */; };
		A2A9DFC2270F0DDD006B1E60 /* SF-Pro-Display-Light.otf in Resources */ = {isa = PBXBuildFile; fileRef = A2A9DFBE270F0DDD006B1E60 /* SF-Pro-Display-Light.otf */; };
		A2A9DFC3270F0DDD006B1E60 /* SF-Pro-Display-Bold.otf in Resources */ = {isa = PBXBuildFile; fileRef = A2A9DFBF270F0DDD006B1E60 /* SF-Pro-Display-Bold.otf */; };
		A2A9DFC4270F0DDD006B1E60 /* SF-Pro-Display-Regular.otf in Resources */ = {isa = PBXBuildFile; fileRef = A2A9DFC0270F0DDD006B1E60 /* SF-Pro-Display-Regular.otf */; };
		A2A9DFC5270F0DDD006B1E60 /* SF-Pro-Display-Semibold.otf in Resources */ = {isa = PBXBuildFile; fileRef = A2A9DFC1270F0DDD006B1E60 /* SF-Pro-Display-Semibold.otf */; };
		A2A9DFC7270F26FA006B1E60 /* NavigationBarConfigurator.swift in Sources */ = {isa = PBXBuildFile; fileRef = A2A9DFC6270F26FA006B1E60 /* NavigationBarConfigurator.swift */; };
		A2B17A922570E182003B346F /* CoreDataEntitiesPublisherProvider.swift in Sources */ = {isa = PBXBuildFile; fileRef = A2B17A912570E182003B346F /* CoreDataEntitiesPublisherProvider.swift */; };
		A2B17A9A2570F3B4003B346F /* CoreDataEntitiesPublisherProviderTests.swift in Sources */ = {isa = PBXBuildFile; fileRef = A2B17A992570F3B4003B346F /* CoreDataEntitiesPublisherProviderTests.swift */; };
		A2B17AA2257121D4003B346F /* TestCoreDataStack.swift in Sources */ = {isa = PBXBuildFile; fileRef = A2B17AA1257121D4003B346F /* TestCoreDataStack.swift */; };
		A2D2EF53256696B3004A9E97 /* CoffeeListConnector.swift in Sources */ = {isa = PBXBuildFile; fileRef = A2D2EF52256696B3004A9E97 /* CoffeeListConnector.swift */; };
		A2D2EF6A25669845004A9E97 /* Data.framework in Frameworks */ = {isa = PBXBuildFile; fileRef = A2D2EF6125669844004A9E97 /* Data.framework */; };
		A2D2EF7125669845004A9E97 /* DataTests.swift in Sources */ = {isa = PBXBuildFile; fileRef = A2D2EF7025669845004A9E97 /* DataTests.swift */; };
		A2D2EF7325669845004A9E97 /* Data.h in Headers */ = {isa = PBXBuildFile; fileRef = A2D2EF6325669844004A9E97 /* Data.h */; settings = {ATTRIBUTES = (Public, ); }; };
		A2D2EF7625669845004A9E97 /* Data.framework in Frameworks */ = {isa = PBXBuildFile; fileRef = A2D2EF6125669844004A9E97 /* Data.framework */; };
		A2D2EF7725669845004A9E97 /* Data.framework in Embed Frameworks */ = {isa = PBXBuildFile; fileRef = A2D2EF6125669844004A9E97 /* Data.framework */; settings = {ATTRIBUTES = (CodeSignOnCopy, RemoveHeadersOnCopy, ); }; };
		A2D2EF8C25669859004A9E97 /* ImageSaver.swift in Sources */ = {isa = PBXBuildFile; fileRef = A2D2EF8B25669859004A9E97 /* ImageSaver.swift */; };
		A2D2EF9425669899004A9E97 /* ImageStorageError.swift in Sources */ = {isa = PBXBuildFile; fileRef = A2D2EF9325669899004A9E97 /* ImageStorageError.swift */; };
		A2D2EF9C256698D3004A9E97 /* ImageLoader.swift in Sources */ = {isa = PBXBuildFile; fileRef = A2D2EF9B256698D3004A9E97 /* ImageLoader.swift */; };
		A2D2EFA42566990D004A9E97 /* ImageStorage.swift in Sources */ = {isa = PBXBuildFile; fileRef = A2D2EFA32566990D004A9E97 /* ImageStorage.swift */; };
		A2EFC5F7255EB19500D9E93F /* CoffeeMakerApp.swift in Sources */ = {isa = PBXBuildFile; fileRef = A2EFC5F6255EB19500D9E93F /* CoffeeMakerApp.swift */; };
		A2EFC5FB255EB19700D9E93F /* Assets.xcassets in Resources */ = {isa = PBXBuildFile; fileRef = A2EFC5FA255EB19700D9E93F /* Assets.xcassets */; };
		A2EFC5FE255EB19700D9E93F /* Preview Assets.xcassets in Resources */ = {isa = PBXBuildFile; fileRef = A2EFC5FD255EB19700D9E93F /* Preview Assets.xcassets */; };
		A2EFC60E255EB19800D9E93F /* CoffeeMakerTests.swift in Sources */ = {isa = PBXBuildFile; fileRef = A2EFC60D255EB19800D9E93F /* CoffeeMakerTests.swift */; };
		A2EFC619255EB19800D9E93F /* CoffeeMakerUITests.swift in Sources */ = {isa = PBXBuildFile; fileRef = A2EFC618255EB19800D9E93F /* CoffeeMakerUITests.swift */; };
		A2EFC666255EB6CA00D9E93F /* Domain.framework in Frameworks */ = {isa = PBXBuildFile; fileRef = A2EFC65D255EB6C900D9E93F /* Domain.framework */; };
		A2EFC66D255EB6CA00D9E93F /* DomainTests.swift in Sources */ = {isa = PBXBuildFile; fileRef = A2EFC66C255EB6CA00D9E93F /* DomainTests.swift */; };
		A2EFC66F255EB6CA00D9E93F /* Domain.h in Headers */ = {isa = PBXBuildFile; fileRef = A2EFC65F255EB6C900D9E93F /* Domain.h */; settings = {ATTRIBUTES = (Public, ); }; };
		A2EFC672255EB6CA00D9E93F /* Domain.framework in Frameworks */ = {isa = PBXBuildFile; fileRef = A2EFC65D255EB6C900D9E93F /* Domain.framework */; };
		A2EFC673255EB6CA00D9E93F /* Domain.framework in Embed Frameworks */ = {isa = PBXBuildFile; fileRef = A2EFC65D255EB6C900D9E93F /* Domain.framework */; settings = {ATTRIBUTES = (CodeSignOnCopy, RemoveHeadersOnCopy, ); }; };
		A2EFC682255EB93900D9E93F /* Coffee.swift in Sources */ = {isa = PBXBuildFile; fileRef = A2EFC681255EB93900D9E93F /* Coffee.swift */; };
		A2EFC688255EB99500D9E93F /* GetAllCoffees.swift in Sources */ = {isa = PBXBuildFile; fileRef = A2EFC687255EB99500D9E93F /* GetAllCoffees.swift */; };
		A2EFC68E255EB99F00D9E93F /* AddCoffee.swift in Sources */ = {isa = PBXBuildFile; fileRef = A2EFC68D255EB99F00D9E93F /* AddCoffee.swift */; };
		A2EFC694255EB9A700D9E93F /* DeleteCoffee.swift in Sources */ = {isa = PBXBuildFile; fileRef = A2EFC693255EB9A700D9E93F /* DeleteCoffee.swift */; };
		A2EFC6B5255EC41300D9E93F /* CoffeesList.swift in Sources */ = {isa = PBXBuildFile; fileRef = A2EFC6B4255EC41300D9E93F /* CoffeesList.swift */; };
		A2EFC6BF255EC4F400D9E93F /* CoffeesListViewModel.swift in Sources */ = {isa = PBXBuildFile; fileRef = A2EFC6BE255EC4F400D9E93F /* CoffeesListViewModel.swift */; };
/* End PBXBuildFile section */

/* Begin PBXContainerItemProxy section */
		A2D2EF6B25669845004A9E97 /* PBXContainerItemProxy */ = {
			isa = PBXContainerItemProxy;
			containerPortal = A2EFC5EB255EB19500D9E93F /* Project object */;
			proxyType = 1;
			remoteGlobalIDString = A2D2EF6025669844004A9E97;
			remoteInfo = Data;
		};
		A2D2EF6D25669845004A9E97 /* PBXContainerItemProxy */ = {
			isa = PBXContainerItemProxy;
			containerPortal = A2EFC5EB255EB19500D9E93F /* Project object */;
			proxyType = 1;
			remoteGlobalIDString = A2EFC5F2255EB19500D9E93F;
			remoteInfo = CoffeeMaker;
		};
		A2D2EF7425669845004A9E97 /* PBXContainerItemProxy */ = {
			isa = PBXContainerItemProxy;
			containerPortal = A2EFC5EB255EB19500D9E93F /* Project object */;
			proxyType = 1;
			remoteGlobalIDString = A2D2EF6025669844004A9E97;
			remoteInfo = Data;
		};
		A2EFC60A255EB19800D9E93F /* PBXContainerItemProxy */ = {
			isa = PBXContainerItemProxy;
			containerPortal = A2EFC5EB255EB19500D9E93F /* Project object */;
			proxyType = 1;
			remoteGlobalIDString = A2EFC5F2255EB19500D9E93F;
			remoteInfo = CoffeeMaker;
		};
		A2EFC615255EB19800D9E93F /* PBXContainerItemProxy */ = {
			isa = PBXContainerItemProxy;
			containerPortal = A2EFC5EB255EB19500D9E93F /* Project object */;
			proxyType = 1;
			remoteGlobalIDString = A2EFC5F2255EB19500D9E93F;
			remoteInfo = CoffeeMaker;
		};
		A2EFC667255EB6CA00D9E93F /* PBXContainerItemProxy */ = {
			isa = PBXContainerItemProxy;
			containerPortal = A2EFC5EB255EB19500D9E93F /* Project object */;
			proxyType = 1;
			remoteGlobalIDString = A2EFC65C255EB6C900D9E93F;
			remoteInfo = Domain;
		};
		A2EFC669255EB6CA00D9E93F /* PBXContainerItemProxy */ = {
			isa = PBXContainerItemProxy;
			containerPortal = A2EFC5EB255EB19500D9E93F /* Project object */;
			proxyType = 1;
			remoteGlobalIDString = A2EFC5F2255EB19500D9E93F;
			remoteInfo = CoffeeMaker;
		};
		A2EFC670255EB6CA00D9E93F /* PBXContainerItemProxy */ = {
			isa = PBXContainerItemProxy;
			containerPortal = A2EFC5EB255EB19500D9E93F /* Project object */;
			proxyType = 1;
			remoteGlobalIDString = A2EFC65C255EB6C900D9E93F;
			remoteInfo = Domain;
		};
/* End PBXContainerItemProxy section */

/* Begin PBXCopyFilesBuildPhase section */
		A2EFC677255EB6CA00D9E93F /* Embed Frameworks */ = {
			isa = PBXCopyFilesBuildPhase;
			buildActionMask = 2147483647;
			dstPath = "";
			dstSubfolderSpec = 10;
			files = (
				A2D2EF7725669845004A9E97 /* Data.framework in Embed Frameworks */,
				A2EFC673255EB6CA00D9E93F /* Domain.framework in Embed Frameworks */,
			);
			name = "Embed Frameworks";
			runOnlyForDeploymentPostprocessing = 0;
		};
/* End PBXCopyFilesBuildPhase section */

/* Begin PBXFileReference section */
		A20B8221257A76C800FEA9E4 /* Coffee+Mapping.swift */ = {isa = PBXFileReference; lastKnownFileType = sourcecode.swift; path = "Coffee+Mapping.swift"; sourceTree = "<group>"; };
		A20B8236257A862E00FEA9E4 /* CoffeeUseCase.swift */ = {isa = PBXFileReference; lastKnownFileType = sourcecode.swift; path = CoffeeUseCase.swift; sourceTree = "<group>"; };
		A20B8251257A8DA900FEA9E4 /* AddCoffeeView.swift */ = {isa = PBXFileReference; lastKnownFileType = sourcecode.swift; path = AddCoffeeView.swift; sourceTree = "<group>"; };
		A24321D125821E9900863C71 /* AddCoffeeViewModel.swift */ = {isa = PBXFileReference; lastKnownFileType = sourcecode.swift; path = AddCoffeeViewModel.swift; sourceTree = "<group>"; };
		A2576DBB256BA1B100B1EF86 /* CoffeeRepository.swift */ = {isa = PBXFileReference; lastKnownFileType = sourcecode.swift; path = CoffeeRepository.swift; sourceTree = "<group>"; };
		A2576DC4256BC2D800B1EF86 /* CoreDataCoffeeRepository.swift */ = {isa = PBXFileReference; lastKnownFileType = sourcecode.swift; path = CoreDataCoffeeRepository.swift; sourceTree = "<group>"; };
		A2A9DF9E270C5120006B1E60 /* GetSelectedCoffee.swift */ = {isa = PBXFileReference; lastKnownFileType = sourcecode.swift; path = GetSelectedCoffee.swift; sourceTree = "<group>"; };
		A2A9DFA0270C512A006B1E60 /* SetSelectedCoffee.swift */ = {isa = PBXFileReference; lastKnownFileType = sourcecode.swift; path = SetSelectedCoffee.swift; sourceTree = "<group>"; };
		A2A9DFA2270C532E006B1E60 /* SelectedCoffeeRepository.swift */ = {isa = PBXFileReference; lastKnownFileType = sourcecode.swift; path = SelectedCoffeeRepository.swift; sourceTree = "<group>"; };
		A2A9DFA4270C5DE3006B1E60 /* UserDefaultsSelectedCoffeeRepository.swift */ = {isa = PBXFileReference; lastKnownFileType = sourcecode.swift; path = UserDefaultsSelectedCoffeeRepository.swift; sourceTree = "<group>"; };
		A2A9DFA6270C7C7D006B1E60 /* ActiveCoffeeView.swift */ = {isa = PBXFileReference; lastKnownFileType = sourcecode.swift; path = ActiveCoffeeView.swift; sourceTree = "<group>"; };
		A2A9DFA9270C7CC6006B1E60 /* ActiveCoffeeViewModel.swift */ = {isa = PBXFileReference; lastKnownFileType = sourcecode.swift; path = ActiveCoffeeViewModel.swift; sourceTree = "<group>"; };
		A2A9DFAC270C7D83006B1E60 /* Color+CoffeeMaker.swift */ = {isa = PBXFileReference; lastKnownFileType = sourcecode.swift; path = "Color+CoffeeMaker.swift"; sourceTree = "<group>"; };
		A2A9DFAF270EBA44006B1E60 /* CoffeeBrewing.swift */ = {isa = PBXFileReference; lastKnownFileType = sourcecode.swift; path = CoffeeBrewing.swift; sourceTree = "<group>"; };
		A2A9DFB1270ECFB1006B1E60 /* CoffeeBrewing+Mapping.swift */ = {isa = PBXFileReference; lastKnownFileType = sourcecode.swift; path = "CoffeeBrewing+Mapping.swift"; sourceTree = "<group>"; };
		A2A9DFB4270EF7A0006B1E60 /* MockedModels.swift */ = {isa = PBXFileReference; lastKnownFileType = sourcecode.swift; path = MockedModels.swift; sourceTree = "<group>"; };
		A2A9DFB6270EF7AB006B1E60 /* MockedUseCases.swift */ = {isa = PBXFileReference; lastKnownFileType = sourcecode.swift; path = MockedUseCases.swift; sourceTree = "<group>"; };
		A2A9DFBA270F0CF1006B1E60 /* Font+CoffeeMaker.swift */ = {isa = PBXFileReference; lastKnownFileType = sourcecode.swift; path = "Font+CoffeeMaker.swift"; sourceTree = "<group>"; };
		A2A9DFBE270F0DDD006B1E60 /* SF-Pro-Display-Light.otf */ = {isa = PBXFileReference; lastKnownFileType = file; path = "SF-Pro-Display-Light.otf"; sourceTree = "<group>"; };
		A2A9DFBF270F0DDD006B1E60 /* SF-Pro-Display-Bold.otf */ = {isa = PBXFileReference; lastKnownFileType = file; path = "SF-Pro-Display-Bold.otf"; sourceTree = "<group>"; };
		A2A9DFC0270F0DDD006B1E60 /* SF-Pro-Display-Regular.otf */ = {isa = PBXFileReference; lastKnownFileType = file; path = "SF-Pro-Display-Regular.otf"; sourceTree = "<group>"; };
		A2A9DFC1270F0DDD006B1E60 /* SF-Pro-Display-Semibold.otf */ = {isa = PBXFileReference; lastKnownFileType = file; path = "SF-Pro-Display-Semibold.otf"; sourceTree = "<group>"; };
		A2A9DFC6270F26FA006B1E60 /* NavigationBarConfigurator.swift */ = {isa = PBXFileReference; lastKnownFileType = sourcecode.swift; path = NavigationBarConfigurator.swift; sourceTree = "<group>"; };
		A2B17A912570E182003B346F /* CoreDataEntitiesPublisherProvider.swift */ = {isa = PBXFileReference; lastKnownFileType = sourcecode.swift; path = CoreDataEntitiesPublisherProvider.swift; sourceTree = "<group>"; };
		A2B17A992570F3B4003B346F /* CoreDataEntitiesPublisherProviderTests.swift */ = {isa = PBXFileReference; lastKnownFileType = sourcecode.swift; path = CoreDataEntitiesPublisherProviderTests.swift; sourceTree = "<group>"; };
		A2B17AA1257121D4003B346F /* TestCoreDataStack.swift */ = {isa = PBXFileReference; lastKnownFileType = sourcecode.swift; path = TestCoreDataStack.swift; sourceTree = "<group>"; };
		A2D2EF52256696B3004A9E97 /* CoffeeListConnector.swift */ = {isa = PBXFileReference; lastKnownFileType = sourcecode.swift; path = CoffeeListConnector.swift; sourceTree = "<group>"; };
		A2D2EF6125669844004A9E97 /* Data.framework */ = {isa = PBXFileReference; explicitFileType = wrapper.framework; includeInIndex = 0; path = Data.framework; sourceTree = BUILT_PRODUCTS_DIR; };
		A2D2EF6325669844004A9E97 /* Data.h */ = {isa = PBXFileReference; lastKnownFileType = sourcecode.c.h; path = Data.h; sourceTree = "<group>"; };
		A2D2EF6425669844004A9E97 /* Info.plist */ = {isa = PBXFileReference; lastKnownFileType = text.plist.xml; path = Info.plist; sourceTree = "<group>"; };
		A2D2EF6925669845004A9E97 /* DataTests.xctest */ = {isa = PBXFileReference; explicitFileType = wrapper.cfbundle; includeInIndex = 0; path = DataTests.xctest; sourceTree = BUILT_PRODUCTS_DIR; };
		A2D2EF7025669845004A9E97 /* DataTests.swift */ = {isa = PBXFileReference; lastKnownFileType = sourcecode.swift; path = DataTests.swift; sourceTree = "<group>"; };
		A2D2EF7225669845004A9E97 /* Info.plist */ = {isa = PBXFileReference; lastKnownFileType = text.plist.xml; path = Info.plist; sourceTree = "<group>"; };
		A2D2EF8B25669859004A9E97 /* ImageSaver.swift */ = {isa = PBXFileReference; lastKnownFileType = sourcecode.swift; path = ImageSaver.swift; sourceTree = "<group>"; };
		A2D2EF9325669899004A9E97 /* ImageStorageError.swift */ = {isa = PBXFileReference; lastKnownFileType = sourcecode.swift; path = ImageStorageError.swift; sourceTree = "<group>"; };
		A2D2EF9B256698D3004A9E97 /* ImageLoader.swift */ = {isa = PBXFileReference; lastKnownFileType = sourcecode.swift; path = ImageLoader.swift; sourceTree = "<group>"; };
		A2D2EFA32566990D004A9E97 /* ImageStorage.swift */ = {isa = PBXFileReference; lastKnownFileType = sourcecode.swift; path = ImageStorage.swift; sourceTree = "<group>"; };
		A2EFC5F3255EB19500D9E93F /* CoffeeMaker.app */ = {isa = PBXFileReference; explicitFileType = wrapper.application; includeInIndex = 0; path = CoffeeMaker.app; sourceTree = BUILT_PRODUCTS_DIR; };
		A2EFC5F6255EB19500D9E93F /* CoffeeMakerApp.swift */ = {isa = PBXFileReference; lastKnownFileType = sourcecode.swift; path = CoffeeMakerApp.swift; sourceTree = "<group>"; };
		A2EFC5FA255EB19700D9E93F /* Assets.xcassets */ = {isa = PBXFileReference; lastKnownFileType = folder.assetcatalog; path = Assets.xcassets; sourceTree = "<group>"; };
		A2EFC5FD255EB19700D9E93F /* Preview Assets.xcassets */ = {isa = PBXFileReference; lastKnownFileType = folder.assetcatalog; path = "Preview Assets.xcassets"; sourceTree = "<group>"; };
		A2EFC5FF255EB19700D9E93F /* CoreDataStack.swift */ = {isa = PBXFileReference; lastKnownFileType = sourcecode.swift; path = CoreDataStack.swift; sourceTree = "<group>"; };
		A2EFC602255EB19700D9E93F /* CoffeeMaker.xcdatamodel */ = {isa = PBXFileReference; lastKnownFileType = wrapper.xcdatamodel; path = CoffeeMaker.xcdatamodel; sourceTree = "<group>"; };
		A2EFC604255EB19700D9E93F /* Info.plist */ = {isa = PBXFileReference; lastKnownFileType = text.plist.xml; path = Info.plist; sourceTree = "<group>"; };
		A2EFC609255EB19800D9E93F /* CoffeeMakerTests.xctest */ = {isa = PBXFileReference; explicitFileType = wrapper.cfbundle; includeInIndex = 0; path = CoffeeMakerTests.xctest; sourceTree = BUILT_PRODUCTS_DIR; };
		A2EFC60D255EB19800D9E93F /* CoffeeMakerTests.swift */ = {isa = PBXFileReference; lastKnownFileType = sourcecode.swift; path = CoffeeMakerTests.swift; sourceTree = "<group>"; };
		A2EFC60F255EB19800D9E93F /* Info.plist */ = {isa = PBXFileReference; lastKnownFileType = text.plist.xml; path = Info.plist; sourceTree = "<group>"; };
		A2EFC614255EB19800D9E93F /* CoffeeMakerUITests.xctest */ = {isa = PBXFileReference; explicitFileType = wrapper.cfbundle; includeInIndex = 0; path = CoffeeMakerUITests.xctest; sourceTree = BUILT_PRODUCTS_DIR; };
		A2EFC618255EB19800D9E93F /* CoffeeMakerUITests.swift */ = {isa = PBXFileReference; lastKnownFileType = sourcecode.swift; path = CoffeeMakerUITests.swift; sourceTree = "<group>"; };
		A2EFC61A255EB19800D9E93F /* Info.plist */ = {isa = PBXFileReference; lastKnownFileType = text.plist.xml; path = Info.plist; sourceTree = "<group>"; };
		A2EFC65D255EB6C900D9E93F /* Domain.framework */ = {isa = PBXFileReference; explicitFileType = wrapper.framework; includeInIndex = 0; path = Domain.framework; sourceTree = BUILT_PRODUCTS_DIR; };
		A2EFC65F255EB6C900D9E93F /* Domain.h */ = {isa = PBXFileReference; lastKnownFileType = sourcecode.c.h; path = Domain.h; sourceTree = "<group>"; };
		A2EFC660255EB6C900D9E93F /* Info.plist */ = {isa = PBXFileReference; lastKnownFileType = text.plist.xml; path = Info.plist; sourceTree = "<group>"; };
		A2EFC665255EB6CA00D9E93F /* DomainTests.xctest */ = {isa = PBXFileReference; explicitFileType = wrapper.cfbundle; includeInIndex = 0; path = DomainTests.xctest; sourceTree = BUILT_PRODUCTS_DIR; };
		A2EFC66C255EB6CA00D9E93F /* DomainTests.swift */ = {isa = PBXFileReference; lastKnownFileType = sourcecode.swift; path = DomainTests.swift; sourceTree = "<group>"; };
		A2EFC66E255EB6CA00D9E93F /* Info.plist */ = {isa = PBXFileReference; lastKnownFileType = text.plist.xml; path = Info.plist; sourceTree = "<group>"; };
		A2EFC681255EB93900D9E93F /* Coffee.swift */ = {isa = PBXFileReference; lastKnownFileType = sourcecode.swift; path = Coffee.swift; sourceTree = "<group>"; };
		A2EFC687255EB99500D9E93F /* GetAllCoffees.swift */ = {isa = PBXFileReference; lastKnownFileType = sourcecode.swift; path = GetAllCoffees.swift; sourceTree = "<group>"; };
		A2EFC68D255EB99F00D9E93F /* AddCoffee.swift */ = {isa = PBXFileReference; lastKnownFileType = sourcecode.swift; path = AddCoffee.swift; sourceTree = "<group>"; };
		A2EFC693255EB9A700D9E93F /* DeleteCoffee.swift */ = {isa = PBXFileReference; lastKnownFileType = sourcecode.swift; path = DeleteCoffee.swift; sourceTree = "<group>"; };
		A2EFC6B4255EC41300D9E93F /* CoffeesList.swift */ = {isa = PBXFileReference; lastKnownFileType = sourcecode.swift; path = CoffeesList.swift; sourceTree = "<group>"; };
		A2EFC6BE255EC4F400D9E93F /* CoffeesListViewModel.swift */ = {isa = PBXFileReference; lastKnownFileType = sourcecode.swift; path = CoffeesListViewModel.swift; sourceTree = "<group>"; };
/* End PBXFileReference section */

/* Begin PBXFrameworksBuildPhase section */
		A2D2EF5E25669844004A9E97 /* Frameworks */ = {
			isa = PBXFrameworksBuildPhase;
			buildActionMask = 2147483647;
			files = (
			);
			runOnlyForDeploymentPostprocessing = 0;
		};
		A2D2EF6625669845004A9E97 /* Frameworks */ = {
			isa = PBXFrameworksBuildPhase;
			buildActionMask = 2147483647;
			files = (
				A2D2EF6A25669845004A9E97 /* Data.framework in Frameworks */,
			);
			runOnlyForDeploymentPostprocessing = 0;
		};
		A2EFC5F0255EB19500D9E93F /* Frameworks */ = {
			isa = PBXFrameworksBuildPhase;
			buildActionMask = 2147483647;
			files = (
				A2D2EF7625669845004A9E97 /* Data.framework in Frameworks */,
				A2EFC672255EB6CA00D9E93F /* Domain.framework in Frameworks */,
			);
			runOnlyForDeploymentPostprocessing = 0;
		};
		A2EFC606255EB19800D9E93F /* Frameworks */ = {
			isa = PBXFrameworksBuildPhase;
			buildActionMask = 2147483647;
			files = (
			);
			runOnlyForDeploymentPostprocessing = 0;
		};
		A2EFC611255EB19800D9E93F /* Frameworks */ = {
			isa = PBXFrameworksBuildPhase;
			buildActionMask = 2147483647;
			files = (
			);
			runOnlyForDeploymentPostprocessing = 0;
		};
		A2EFC65A255EB6C900D9E93F /* Frameworks */ = {
			isa = PBXFrameworksBuildPhase;
			buildActionMask = 2147483647;
			files = (
			);
			runOnlyForDeploymentPostprocessing = 0;
		};
		A2EFC662255EB6CA00D9E93F /* Frameworks */ = {
			isa = PBXFrameworksBuildPhase;
			buildActionMask = 2147483647;
			files = (
				A2EFC666255EB6CA00D9E93F /* Domain.framework in Frameworks */,
			);
			runOnlyForDeploymentPostprocessing = 0;
		};
/* End PBXFrameworksBuildPhase section */

/* Begin PBXGroup section */
		A20B8220257A76AD00FEA9E4 /* Models */ = {
			isa = PBXGroup;
			children = (
				A20B8221257A76C800FEA9E4 /* Coffee+Mapping.swift */,
				A2A9DFB1270ECFB1006B1E60 /* CoffeeBrewing+Mapping.swift */,
			);
			path = Models;
			sourceTree = "<group>";
		};
		A20B8235257A861F00FEA9E4 /* Coffee */ = {
			isa = PBXGroup;
			children = (
				A2EFC68D255EB99F00D9E93F /* AddCoffee.swift */,
				A2EFC687255EB99500D9E93F /* GetAllCoffees.swift */,
				A2EFC693255EB9A700D9E93F /* DeleteCoffee.swift */,
				A20B8236257A862E00FEA9E4 /* CoffeeUseCase.swift */,
				A2A9DF9E270C5120006B1E60 /* GetSelectedCoffee.swift */,
				A2A9DFA0270C512A006B1E60 /* SetSelectedCoffee.swift */,
			);
			path = Coffee;
			sourceTree = "<group>";
		};
		A20B8250257A8D9500FEA9E4 /* AddCoffee */ = {
			isa = PBXGroup;
			children = (
				A20B8251257A8DA900FEA9E4 /* AddCoffeeView.swift */,
				A24321D125821E9900863C71 /* AddCoffeeViewModel.swift */,
			);
			path = AddCoffee;
			sourceTree = "<group>";
		};
		A2576D9F256B9B3200B1EF86 /* CoreData */ = {
			isa = PBXGroup;
			children = (
				A20B8220257A76AD00FEA9E4 /* Models */,
				A2B17A902570E0B3003B346F /* Combine */,
				A2576DC3256BC2CA00B1EF86 /* Repositories */,
				A2EFC5FF255EB19700D9E93F /* CoreDataStack.swift */,
				A2EFC601255EB19700D9E93F /* CoffeeMaker.xcdatamodeld */,
			);
			path = CoreData;
			sourceTree = "<group>";
		};
		A2576DBA256BA1A300B1EF86 /* Repositories */ = {
			isa = PBXGroup;
			children = (
				A2576DBB256BA1B100B1EF86 /* CoffeeRepository.swift */,
				A2A9DFA2270C532E006B1E60 /* SelectedCoffeeRepository.swift */,
			);
			path = Repositories;
			sourceTree = "<group>";
		};
		A2576DC3256BC2CA00B1EF86 /* Repositories */ = {
			isa = PBXGroup;
			children = (
				A2576DC4256BC2D800B1EF86 /* CoreDataCoffeeRepository.swift */,
				A2A9DFA4270C5DE3006B1E60 /* UserDefaultsSelectedCoffeeRepository.swift */,
			);
			path = Repositories;
			sourceTree = "<group>";
		};
		A2A9DFA8270C7CB9006B1E60 /* ActiveCoffee */ = {
			isa = PBXGroup;
			children = (
				A2A9DFA6270C7C7D006B1E60 /* ActiveCoffeeView.swift */,
				A2A9DFA9270C7CC6006B1E60 /* ActiveCoffeeViewModel.swift */,
			);
			path = ActiveCoffee;
			sourceTree = "<group>";
		};
		A2A9DFAB270C7D72006B1E60 /* Style */ = {
			isa = PBXGroup;
			children = (
				A2A9DFAC270C7D83006B1E60 /* Color+CoffeeMaker.swift */,
				A2A9DFBA270F0CF1006B1E60 /* Font+CoffeeMaker.swift */,
				A2A9DFC6270F26FA006B1E60 /* NavigationBarConfigurator.swift */,
			);
			path = Style;
			sourceTree = "<group>";
		};
		A2A9DFB3270EF795006B1E60 /* Mocks */ = {
			isa = PBXGroup;
			children = (
				A2A9DFB4270EF7A0006B1E60 /* MockedModels.swift */,
				A2A9DFB6270EF7AB006B1E60 /* MockedUseCases.swift */,
			);
			path = Mocks;
			sourceTree = "<group>";
		};
		A2A9DFBC270F0DC9006B1E60 /* Resources */ = {
			isa = PBXGroup;
			children = (
				A2A9DFBD270F0DD2006B1E60 /* Fonts */,
				A2EFC5FA255EB19700D9E93F /* Assets.xcassets */,
			);
			path = Resources;
			sourceTree = "<group>";
		};
		A2A9DFBD270F0DD2006B1E60 /* Fonts */ = {
			isa = PBXGroup;
			children = (
				A2A9DFBF270F0DDD006B1E60 /* SF-Pro-Display-Bold.otf */,
				A2A9DFBE270F0DDD006B1E60 /* SF-Pro-Display-Light.otf */,
				A2A9DFC0270F0DDD006B1E60 /* SF-Pro-Display-Regular.otf */,
				A2A9DFC1270F0DDD006B1E60 /* SF-Pro-Display-Semibold.otf */,
			);
			path = Fonts;
			sourceTree = "<group>";
		};
		A2B17A902570E0B3003B346F /* Combine */ = {
			isa = PBXGroup;
			children = (
				A2B17A912570E182003B346F /* CoreDataEntitiesPublisherProvider.swift */,
			);
			path = Combine;
			sourceTree = "<group>";
		};
		A2D2EF6225669844004A9E97 /* Data */ = {
			isa = PBXGroup;
			children = (
				A2576D9F256B9B3200B1EF86 /* CoreData */,
				A2D2EF8425669849004A9E97 /* Images */,
				A2D2EF6325669844004A9E97 /* Data.h */,
				A2D2EF6425669844004A9E97 /* Info.plist */,
			);
			path = Data;
			sourceTree = "<group>";
		};
		A2D2EF6F25669845004A9E97 /* DataTests */ = {
			isa = PBXGroup;
			children = (
				A2D2EF7025669845004A9E97 /* DataTests.swift */,
				A2D2EF7225669845004A9E97 /* Info.plist */,
				A2B17A992570F3B4003B346F /* CoreDataEntitiesPublisherProviderTests.swift */,
				A2B17AA1257121D4003B346F /* TestCoreDataStack.swift */,
			);
			path = DataTests;
			sourceTree = "<group>";
		};
		A2D2EF8425669849004A9E97 /* Images */ = {
			isa = PBXGroup;
			children = (
				A2D2EF8B25669859004A9E97 /* ImageSaver.swift */,
				A2D2EF9325669899004A9E97 /* ImageStorageError.swift */,
				A2D2EF9B256698D3004A9E97 /* ImageLoader.swift */,
				A2D2EFA32566990D004A9E97 /* ImageStorage.swift */,
			);
			path = Images;
			sourceTree = "<group>";
		};
		A2EFC5EA255EB19500D9E93F = {
			isa = PBXGroup;
			children = (
				A2EFC5F5255EB19500D9E93F /* CoffeeMaker */,
				A2EFC60C255EB19800D9E93F /* CoffeeMakerTests */,
				A2EFC617255EB19800D9E93F /* CoffeeMakerUITests */,
				A2EFC65E255EB6C900D9E93F /* Domain */,
				A2EFC66B255EB6CA00D9E93F /* DomainTests */,
				A2D2EF6225669844004A9E97 /* Data */,
				A2D2EF6F25669845004A9E97 /* DataTests */,
				A2EFC5F4255EB19500D9E93F /* Products */,
			);
			sourceTree = "<group>";
		};
		A2EFC5F4255EB19500D9E93F /* Products */ = {
			isa = PBXGroup;
			children = (
				A2EFC5F3255EB19500D9E93F /* CoffeeMaker.app */,
				A2EFC609255EB19800D9E93F /* CoffeeMakerTests.xctest */,
				A2EFC614255EB19800D9E93F /* CoffeeMakerUITests.xctest */,
				A2EFC65D255EB6C900D9E93F /* Domain.framework */,
				A2EFC665255EB6CA00D9E93F /* DomainTests.xctest */,
				A2D2EF6125669844004A9E97 /* Data.framework */,
				A2D2EF6925669845004A9E97 /* DataTests.xctest */,
			);
			name = Products;
			sourceTree = "<group>";
		};
		A2EFC5F5255EB19500D9E93F /* CoffeeMaker */ = {
			isa = PBXGroup;
			children = (
				A2A9DFBC270F0DC9006B1E60 /* Resources */,
				A2A9DFAB270C7D72006B1E60 /* Style */,
				A2A9DFA8270C7CB9006B1E60 /* ActiveCoffee */,
				A20B8250257A8D9500FEA9E4 /* AddCoffee */,
				A2EFC6B3255EC40200D9E93F /* CoffeesList */,
				A2EFC5F6255EB19500D9E93F /* CoffeeMakerApp.swift */,
				A2EFC604255EB19700D9E93F /* Info.plist */,
				A2EFC5FC255EB19700D9E93F /* Preview Content */,
			);
			path = CoffeeMaker;
			sourceTree = "<group>";
		};
		A2EFC5FC255EB19700D9E93F /* Preview Content */ = {
			isa = PBXGroup;
			children = (
				A2A9DFB3270EF795006B1E60 /* Mocks */,
				A2EFC5FD255EB19700D9E93F /* Preview Assets.xcassets */,
			);
			path = "Preview Content";
			sourceTree = "<group>";
		};
		A2EFC60C255EB19800D9E93F /* CoffeeMakerTests */ = {
			isa = PBXGroup;
			children = (
				A2EFC60D255EB19800D9E93F /* CoffeeMakerTests.swift */,
				A2EFC60F255EB19800D9E93F /* Info.plist */,
			);
			path = CoffeeMakerTests;
			sourceTree = "<group>";
		};
		A2EFC617255EB19800D9E93F /* CoffeeMakerUITests */ = {
			isa = PBXGroup;
			children = (
				A2EFC618255EB19800D9E93F /* CoffeeMakerUITests.swift */,
				A2EFC61A255EB19800D9E93F /* Info.plist */,
			);
			path = CoffeeMakerUITests;
			sourceTree = "<group>";
		};
		A2EFC65E255EB6C900D9E93F /* Domain */ = {
			isa = PBXGroup;
			children = (
				A2576DBA256BA1A300B1EF86 /* Repositories */,
				A2EFC680255EB92B00D9E93F /* UseCases */,
				A2EFC67F255EB92600D9E93F /* Models */,
				A2EFC65F255EB6C900D9E93F /* Domain.h */,
				A2EFC660255EB6C900D9E93F /* Info.plist */,
			);
			path = Domain;
			sourceTree = "<group>";
		};
		A2EFC66B255EB6CA00D9E93F /* DomainTests */ = {
			isa = PBXGroup;
			children = (
				A2EFC66C255EB6CA00D9E93F /* DomainTests.swift */,
				A2EFC66E255EB6CA00D9E93F /* Info.plist */,
			);
			path = DomainTests;
			sourceTree = "<group>";
		};
		A2EFC67F255EB92600D9E93F /* Models */ = {
			isa = PBXGroup;
			children = (
				A2EFC681255EB93900D9E93F /* Coffee.swift */,
				A2A9DFAF270EBA44006B1E60 /* CoffeeBrewing.swift */,
			);
			path = Models;
			sourceTree = "<group>";
		};
		A2EFC680255EB92B00D9E93F /* UseCases */ = {
			isa = PBXGroup;
			children = (
				A20B8235257A861F00FEA9E4 /* Coffee */,
			);
			path = UseCases;
			sourceTree = "<group>";
		};
		A2EFC6B3255EC40200D9E93F /* CoffeesList */ = {
			isa = PBXGroup;
			children = (
				A2EFC6B4255EC41300D9E93F /* CoffeesList.swift */,
				A2EFC6BE255EC4F400D9E93F /* CoffeesListViewModel.swift */,
				A2D2EF52256696B3004A9E97 /* CoffeeListConnector.swift */,
			);
			path = CoffeesList;
			sourceTree = "<group>";
		};
/* End PBXGroup section */

/* Begin PBXHeadersBuildPhase section */
		A2D2EF5C25669844004A9E97 /* Headers */ = {
			isa = PBXHeadersBuildPhase;
			buildActionMask = 2147483647;
			files = (
				A2D2EF7325669845004A9E97 /* Data.h in Headers */,
			);
			runOnlyForDeploymentPostprocessing = 0;
		};
		A2EFC658255EB6C900D9E93F /* Headers */ = {
			isa = PBXHeadersBuildPhase;
			buildActionMask = 2147483647;
			files = (
				A2EFC66F255EB6CA00D9E93F /* Domain.h in Headers */,
			);
			runOnlyForDeploymentPostprocessing = 0;
		};
/* End PBXHeadersBuildPhase section */

/* Begin PBXNativeTarget section */
		A2D2EF6025669844004A9E97 /* Data */ = {
			isa = PBXNativeTarget;
			buildConfigurationList = A2D2EF7825669845004A9E97 /* Build configuration list for PBXNativeTarget "Data" */;
			buildPhases = (
				A2D2EF5C25669844004A9E97 /* Headers */,
				A2D2EF5D25669844004A9E97 /* Sources */,
				A2D2EF5E25669844004A9E97 /* Frameworks */,
				A2D2EF5F25669844004A9E97 /* Resources */,
			);
			buildRules = (
			);
			dependencies = (
			);
			name = Data;
			productName = Data;
			productReference = A2D2EF6125669844004A9E97 /* Data.framework */;
			productType = "com.apple.product-type.framework";
		};
		A2D2EF6825669845004A9E97 /* DataTests */ = {
			isa = PBXNativeTarget;
			buildConfigurationList = A2D2EF7B25669845004A9E97 /* Build configuration list for PBXNativeTarget "DataTests" */;
			buildPhases = (
				A2D2EF6525669845004A9E97 /* Sources */,
				A2D2EF6625669845004A9E97 /* Frameworks */,
				A2D2EF6725669845004A9E97 /* Resources */,
			);
			buildRules = (
			);
			dependencies = (
				A2D2EF6C25669845004A9E97 /* PBXTargetDependency */,
				A2D2EF6E25669845004A9E97 /* PBXTargetDependency */,
			);
			name = DataTests;
			productName = DataTests;
			productReference = A2D2EF6925669845004A9E97 /* DataTests.xctest */;
			productType = "com.apple.product-type.bundle.unit-test";
		};
		A2EFC5F2255EB19500D9E93F /* CoffeeMaker */ = {
			isa = PBXNativeTarget;
			buildConfigurationList = A2EFC61D255EB19800D9E93F /* Build configuration list for PBXNativeTarget "CoffeeMaker" */;
			buildPhases = (
				A2EFC5EF255EB19500D9E93F /* Sources */,
				A2EFC5F0255EB19500D9E93F /* Frameworks */,
				A2EFC5F1255EB19500D9E93F /* Resources */,
				A2EFC677255EB6CA00D9E93F /* Embed Frameworks */,
			);
			buildRules = (
			);
			dependencies = (
				A2EFC671255EB6CA00D9E93F /* PBXTargetDependency */,
				A2D2EF7525669845004A9E97 /* PBXTargetDependency */,
			);
			name = CoffeeMaker;
			productName = CoffeeMaker;
			productReference = A2EFC5F3255EB19500D9E93F /* CoffeeMaker.app */;
			productType = "com.apple.product-type.application";
		};
		A2EFC608255EB19800D9E93F /* CoffeeMakerTests */ = {
			isa = PBXNativeTarget;
			buildConfigurationList = A2EFC620255EB19800D9E93F /* Build configuration list for PBXNativeTarget "CoffeeMakerTests" */;
			buildPhases = (
				A2EFC605255EB19800D9E93F /* Sources */,
				A2EFC606255EB19800D9E93F /* Frameworks */,
				A2EFC607255EB19800D9E93F /* Resources */,
			);
			buildRules = (
			);
			dependencies = (
				A2EFC60B255EB19800D9E93F /* PBXTargetDependency */,
			);
			name = CoffeeMakerTests;
			productName = CoffeeMakerTests;
			productReference = A2EFC609255EB19800D9E93F /* CoffeeMakerTests.xctest */;
			productType = "com.apple.product-type.bundle.unit-test";
		};
		A2EFC613255EB19800D9E93F /* CoffeeMakerUITests */ = {
			isa = PBXNativeTarget;
			buildConfigurationList = A2EFC623255EB19800D9E93F /* Build configuration list for PBXNativeTarget "CoffeeMakerUITests" */;
			buildPhases = (
				A2EFC610255EB19800D9E93F /* Sources */,
				A2EFC611255EB19800D9E93F /* Frameworks */,
				A2EFC612255EB19800D9E93F /* Resources */,
			);
			buildRules = (
			);
			dependencies = (
				A2EFC616255EB19800D9E93F /* PBXTargetDependency */,
			);
			name = CoffeeMakerUITests;
			productName = CoffeeMakerUITests;
			productReference = A2EFC614255EB19800D9E93F /* CoffeeMakerUITests.xctest */;
			productType = "com.apple.product-type.bundle.ui-testing";
		};
		A2EFC65C255EB6C900D9E93F /* Domain */ = {
			isa = PBXNativeTarget;
			buildConfigurationList = A2EFC674255EB6CA00D9E93F /* Build configuration list for PBXNativeTarget "Domain" */;
			buildPhases = (
				A2EFC658255EB6C900D9E93F /* Headers */,
				A2EFC659255EB6C900D9E93F /* Sources */,
				A2EFC65A255EB6C900D9E93F /* Frameworks */,
				A2EFC65B255EB6C900D9E93F /* Resources */,
			);
			buildRules = (
			);
			dependencies = (
			);
			name = Domain;
			productName = Domain;
			productReference = A2EFC65D255EB6C900D9E93F /* Domain.framework */;
			productType = "com.apple.product-type.framework";
		};
		A2EFC664255EB6CA00D9E93F /* DomainTests */ = {
			isa = PBXNativeTarget;
			buildConfigurationList = A2EFC678255EB6CA00D9E93F /* Build configuration list for PBXNativeTarget "DomainTests" */;
			buildPhases = (
				A2EFC661255EB6CA00D9E93F /* Sources */,
				A2EFC662255EB6CA00D9E93F /* Frameworks */,
				A2EFC663255EB6CA00D9E93F /* Resources */,
			);
			buildRules = (
			);
			dependencies = (
				A2EFC668255EB6CA00D9E93F /* PBXTargetDependency */,
				A2EFC66A255EB6CA00D9E93F /* PBXTargetDependency */,
			);
			name = DomainTests;
			productName = DomainTests;
			productReference = A2EFC665255EB6CA00D9E93F /* DomainTests.xctest */;
			productType = "com.apple.product-type.bundle.unit-test";
		};
/* End PBXNativeTarget section */

/* Begin PBXProject section */
		A2EFC5EB255EB19500D9E93F /* Project object */ = {
			isa = PBXProject;
			attributes = {
				LastSwiftUpdateCheck = 1200;
				LastUpgradeCheck = 1200;
				TargetAttributes = {
					A2D2EF6025669844004A9E97 = {
						CreatedOnToolsVersion = 12.0;
						LastSwiftMigration = 1200;
					};
					A2D2EF6825669845004A9E97 = {
						CreatedOnToolsVersion = 12.0;
						TestTargetID = A2EFC5F2255EB19500D9E93F;
					};
					A2EFC5F2255EB19500D9E93F = {
						CreatedOnToolsVersion = 12.0;
					};
					A2EFC608255EB19800D9E93F = {
						CreatedOnToolsVersion = 12.0;
						TestTargetID = A2EFC5F2255EB19500D9E93F;
					};
					A2EFC613255EB19800D9E93F = {
						CreatedOnToolsVersion = 12.0;
						TestTargetID = A2EFC5F2255EB19500D9E93F;
					};
					A2EFC65C255EB6C900D9E93F = {
						CreatedOnToolsVersion = 12.0;
						LastSwiftMigration = 1200;
					};
					A2EFC664255EB6CA00D9E93F = {
						CreatedOnToolsVersion = 12.0;
						TestTargetID = A2EFC5F2255EB19500D9E93F;
					};
				};
			};
			buildConfigurationList = A2EFC5EE255EB19500D9E93F /* Build configuration list for PBXProject "CoffeeMaker" */;
			compatibilityVersion = "Xcode 9.3";
			developmentRegion = en;
			hasScannedForEncodings = 0;
			knownRegions = (
				en,
				Base,
			);
			mainGroup = A2EFC5EA255EB19500D9E93F;
			productRefGroup = A2EFC5F4255EB19500D9E93F /* Products */;
			projectDirPath = "";
			projectRoot = "";
			targets = (
				A2EFC5F2255EB19500D9E93F /* CoffeeMaker */,
				A2EFC608255EB19800D9E93F /* CoffeeMakerTests */,
				A2EFC613255EB19800D9E93F /* CoffeeMakerUITests */,
				A2EFC65C255EB6C900D9E93F /* Domain */,
				A2EFC664255EB6CA00D9E93F /* DomainTests */,
				A2D2EF6025669844004A9E97 /* Data */,
				A2D2EF6825669845004A9E97 /* DataTests */,
			);
		};
/* End PBXProject section */

/* Begin PBXResourcesBuildPhase section */
		A2D2EF5F25669844004A9E97 /* Resources */ = {
			isa = PBXResourcesBuildPhase;
			buildActionMask = 2147483647;
			files = (
			);
			runOnlyForDeploymentPostprocessing = 0;
		};
		A2D2EF6725669845004A9E97 /* Resources */ = {
			isa = PBXResourcesBuildPhase;
			buildActionMask = 2147483647;
			files = (
			);
			runOnlyForDeploymentPostprocessing = 0;
		};
		A2EFC5F1255EB19500D9E93F /* Resources */ = {
			isa = PBXResourcesBuildPhase;
			buildActionMask = 2147483647;
			files = (
				A2A9DFC5270F0DDD006B1E60 /* SF-Pro-Display-Semibold.otf in Resources */,
				A2EFC5FE255EB19700D9E93F /* Preview Assets.xcassets in Resources */,
				A2A9DFC2270F0DDD006B1E60 /* SF-Pro-Display-Light.otf in Resources */,
				A2A9DFC3270F0DDD006B1E60 /* SF-Pro-Display-Bold.otf in Resources */,
				A2A9DFC4270F0DDD006B1E60 /* SF-Pro-Display-Regular.otf in Resources */,
				A2EFC5FB255EB19700D9E93F /* Assets.xcassets in Resources */,
			);
			runOnlyForDeploymentPostprocessing = 0;
		};
		A2EFC607255EB19800D9E93F /* Resources */ = {
			isa = PBXResourcesBuildPhase;
			buildActionMask = 2147483647;
			files = (
			);
			runOnlyForDeploymentPostprocessing = 0;
		};
		A2EFC612255EB19800D9E93F /* Resources */ = {
			isa = PBXResourcesBuildPhase;
			buildActionMask = 2147483647;
			files = (
			);
			runOnlyForDeploymentPostprocessing = 0;
		};
		A2EFC65B255EB6C900D9E93F /* Resources */ = {
			isa = PBXResourcesBuildPhase;
			buildActionMask = 2147483647;
			files = (
			);
			runOnlyForDeploymentPostprocessing = 0;
		};
		A2EFC663255EB6CA00D9E93F /* Resources */ = {
			isa = PBXResourcesBuildPhase;
			buildActionMask = 2147483647;
			files = (
			);
			runOnlyForDeploymentPostprocessing = 0;
		};
/* End PBXResourcesBuildPhase section */

/* Begin PBXSourcesBuildPhase section */
		A2D2EF5D25669844004A9E97 /* Sources */ = {
			isa = PBXSourcesBuildPhase;
			buildActionMask = 2147483647;
			files = (
				A2D2EF9425669899004A9E97 /* ImageStorageError.swift in Sources */,
				A2576DA6256B9B4A00B1EF86 /* CoffeeMaker.xcdatamodeld in Sources */,
				A2A9DFB2270ECFB1006B1E60 /* CoffeeBrewing+Mapping.swift in Sources */,
				A2B17A922570E182003B346F /* CoreDataEntitiesPublisherProvider.swift in Sources */,
				A2A9DFA5270C5DE3006B1E60 /* UserDefaultsSelectedCoffeeRepository.swift in Sources */,
				A20B8222257A76C800FEA9E4 /* Coffee+Mapping.swift in Sources */,
				A2D2EFA42566990D004A9E97 /* ImageStorage.swift in Sources */,
				A2576DAD256B9B6300B1EF86 /* CoreDataStack.swift in Sources */,
				A2D2EF8C25669859004A9E97 /* ImageSaver.swift in Sources */,
				A2576DC5256BC2D800B1EF86 /* CoreDataCoffeeRepository.swift in Sources */,
				A2D2EF9C256698D3004A9E97 /* ImageLoader.swift in Sources */,
			);
			runOnlyForDeploymentPostprocessing = 0;
		};
		A2D2EF6525669845004A9E97 /* Sources */ = {
			isa = PBXSourcesBuildPhase;
			buildActionMask = 2147483647;
			files = (
				A2D2EF7125669845004A9E97 /* DataTests.swift in Sources */,
				A2B17A9A2570F3B4003B346F /* CoreDataEntitiesPublisherProviderTests.swift in Sources */,
				A2B17AA2257121D4003B346F /* TestCoreDataStack.swift in Sources */,
			);
			runOnlyForDeploymentPostprocessing = 0;
		};
		A2EFC5EF255EB19500D9E93F /* Sources */ = {
			isa = PBXSourcesBuildPhase;
			buildActionMask = 2147483647;
			files = (
				A20B8252257A8DA900FEA9E4 /* AddCoffeeView.swift in Sources */,
				A2A9DFAD270C7D83006B1E60 /* Color+CoffeeMaker.swift in Sources */,
				A2A9DFAA270C7CC6006B1E60 /* ActiveCoffeeViewModel.swift in Sources */,
				A2EFC6B5255EC41300D9E93F /* CoffeesList.swift in Sources */,
				A24321D225821E9900863C71 /* AddCoffeeViewModel.swift in Sources */,
				A2EFC6BF255EC4F400D9E93F /* CoffeesListViewModel.swift in Sources */,
				A2A9DFB8270EFC2A006B1E60 /* MockedModels.swift in Sources */,
				A2A9DFBB270F0CF1006B1E60 /* Font+CoffeeMaker.swift in Sources */,
				A2A9DFC7270F26FA006B1E60 /* NavigationBarConfigurator.swift in Sources */,
				A2A9DFA7270C7C7D006B1E60 /* ActiveCoffeeView.swift in Sources */,
				A2EFC5F7255EB19500D9E93F /* CoffeeMakerApp.swift in Sources */,
				A2D2EF53256696B3004A9E97 /* CoffeeListConnector.swift in Sources */,
				A2A9DFB9270EFC35006B1E60 /* MockedUseCases.swift in Sources */,
			);
			runOnlyForDeploymentPostprocessing = 0;
		};
		A2EFC605255EB19800D9E93F /* Sources */ = {
			isa = PBXSourcesBuildPhase;
			buildActionMask = 2147483647;
			files = (
				A2EFC60E255EB19800D9E93F /* CoffeeMakerTests.swift in Sources */,
			);
			runOnlyForDeploymentPostprocessing = 0;
		};
		A2EFC610255EB19800D9E93F /* Sources */ = {
			isa = PBXSourcesBuildPhase;
			buildActionMask = 2147483647;
			files = (
				A2EFC619255EB19800D9E93F /* CoffeeMakerUITests.swift in Sources */,
			);
			runOnlyForDeploymentPostprocessing = 0;
		};
		A2EFC659255EB6C900D9E93F /* Sources */ = {
			isa = PBXSourcesBuildPhase;
			buildActionMask = 2147483647;
			files = (
				A2A9DFA3270C532E006B1E60 /* SelectedCoffeeRepository.swift in Sources */,
				A2576DBC256BA1B100B1EF86 /* CoffeeRepository.swift in Sources */,
				A20B8237257A862E00FEA9E4 /* CoffeeUseCase.swift in Sources */,
				A2EFC688255EB99500D9E93F /* GetAllCoffees.swift in Sources */,
				A2A9DFB0270EBA44006B1E60 /* CoffeeBrewing.swift in Sources */,
				A2A9DF9F270C5120006B1E60 /* GetSelectedCoffee.swift in Sources */,
				A2EFC68E255EB99F00D9E93F /* AddCoffee.swift in Sources */,
				A2EFC682255EB93900D9E93F /* Coffee.swift in Sources */,
				A2EFC694255EB9A700D9E93F /* DeleteCoffee.swift in Sources */,
				A2A9DFA1270C512A006B1E60 /* SetSelectedCoffee.swift in Sources */,
			);
			runOnlyForDeploymentPostprocessing = 0;
		};
		A2EFC661255EB6CA00D9E93F /* Sources */ = {
			isa = PBXSourcesBuildPhase;
			buildActionMask = 2147483647;
			files = (
				A2EFC66D255EB6CA00D9E93F /* DomainTests.swift in Sources */,
			);
			runOnlyForDeploymentPostprocessing = 0;
		};
/* End PBXSourcesBuildPhase section */

/* Begin PBXTargetDependency section */
		A2D2EF6C25669845004A9E97 /* PBXTargetDependency */ = {
			isa = PBXTargetDependency;
			target = A2D2EF6025669844004A9E97 /* Data */;
			targetProxy = A2D2EF6B25669845004A9E97 /* PBXContainerItemProxy */;
		};
		A2D2EF6E25669845004A9E97 /* PBXTargetDependency */ = {
			isa = PBXTargetDependency;
			target = A2EFC5F2255EB19500D9E93F /* CoffeeMaker */;
			targetProxy = A2D2EF6D25669845004A9E97 /* PBXContainerItemProxy */;
		};
		A2D2EF7525669845004A9E97 /* PBXTargetDependency */ = {
			isa = PBXTargetDependency;
			target = A2D2EF6025669844004A9E97 /* Data */;
			targetProxy = A2D2EF7425669845004A9E97 /* PBXContainerItemProxy */;
		};
		A2EFC60B255EB19800D9E93F /* PBXTargetDependency */ = {
			isa = PBXTargetDependency;
			target = A2EFC5F2255EB19500D9E93F /* CoffeeMaker */;
			targetProxy = A2EFC60A255EB19800D9E93F /* PBXContainerItemProxy */;
		};
		A2EFC616255EB19800D9E93F /* PBXTargetDependency */ = {
			isa = PBXTargetDependency;
			target = A2EFC5F2255EB19500D9E93F /* CoffeeMaker */;
			targetProxy = A2EFC615255EB19800D9E93F /* PBXContainerItemProxy */;
		};
		A2EFC668255EB6CA00D9E93F /* PBXTargetDependency */ = {
			isa = PBXTargetDependency;
			target = A2EFC65C255EB6C900D9E93F /* Domain */;
			targetProxy = A2EFC667255EB6CA00D9E93F /* PBXContainerItemProxy */;
		};
		A2EFC66A255EB6CA00D9E93F /* PBXTargetDependency */ = {
			isa = PBXTargetDependency;
			target = A2EFC5F2255EB19500D9E93F /* CoffeeMaker */;
			targetProxy = A2EFC669255EB6CA00D9E93F /* PBXContainerItemProxy */;
		};
		A2EFC671255EB6CA00D9E93F /* PBXTargetDependency */ = {
			isa = PBXTargetDependency;
			target = A2EFC65C255EB6C900D9E93F /* Domain */;
			targetProxy = A2EFC670255EB6CA00D9E93F /* PBXContainerItemProxy */;
		};
/* End PBXTargetDependency section */

/* Begin XCBuildConfiguration section */
		A2D2EF7925669845004A9E97 /* Debug */ = {
			isa = XCBuildConfiguration;
			buildSettings = {
				CLANG_ENABLE_MODULES = YES;
				CODE_SIGN_STYLE = Automatic;
				CURRENT_PROJECT_VERSION = 1;
				DEFINES_MODULE = YES;
				DEVELOPMENT_TEAM = 8E4R5MT7MB;
				DYLIB_COMPATIBILITY_VERSION = 1;
				DYLIB_CURRENT_VERSION = 1;
				DYLIB_INSTALL_NAME_BASE = "@rpath";
				INFOPLIST_FILE = Data/Info.plist;
				INSTALL_PATH = "$(LOCAL_LIBRARY_DIR)/Frameworks";
				LD_RUNPATH_SEARCH_PATHS = (
					"$(inherited)",
					"@executable_path/Frameworks",
					"@loader_path/Frameworks",
				);
				PRODUCT_BUNDLE_IDENTIFIER = com.polszacki.coffeemaker.Data;
				PRODUCT_NAME = "$(TARGET_NAME:c99extidentifier)";
				SKIP_INSTALL = YES;
				SWIFT_OPTIMIZATION_LEVEL = "-Onone";
				SWIFT_VERSION = 5.0;
				TARGETED_DEVICE_FAMILY = "1,2";
				VERSIONING_SYSTEM = "apple-generic";
				VERSION_INFO_PREFIX = "";
			};
			name = Debug;
		};
		A2D2EF7A25669845004A9E97 /* Release */ = {
			isa = XCBuildConfiguration;
			buildSettings = {
				CLANG_ENABLE_MODULES = YES;
				CODE_SIGN_STYLE = Automatic;
				CURRENT_PROJECT_VERSION = 1;
				DEFINES_MODULE = YES;
				DEVELOPMENT_TEAM = 8E4R5MT7MB;
				DYLIB_COMPATIBILITY_VERSION = 1;
				DYLIB_CURRENT_VERSION = 1;
				DYLIB_INSTALL_NAME_BASE = "@rpath";
				INFOPLIST_FILE = Data/Info.plist;
				INSTALL_PATH = "$(LOCAL_LIBRARY_DIR)/Frameworks";
				LD_RUNPATH_SEARCH_PATHS = (
					"$(inherited)",
					"@executable_path/Frameworks",
					"@loader_path/Frameworks",
				);
				PRODUCT_BUNDLE_IDENTIFIER = com.polszacki.coffeemaker.Data;
				PRODUCT_NAME = "$(TARGET_NAME:c99extidentifier)";
				SKIP_INSTALL = YES;
				SWIFT_VERSION = 5.0;
				TARGETED_DEVICE_FAMILY = "1,2";
				VERSIONING_SYSTEM = "apple-generic";
				VERSION_INFO_PREFIX = "";
			};
			name = Release;
		};
		A2D2EF7C25669845004A9E97 /* Debug */ = {
			isa = XCBuildConfiguration;
			buildSettings = {
				ALWAYS_EMBED_SWIFT_STANDARD_LIBRARIES = YES;
				CODE_SIGN_STYLE = Automatic;
				DEVELOPMENT_TEAM = 8E4R5MT7MB;
				INFOPLIST_FILE = DataTests/Info.plist;
				LD_RUNPATH_SEARCH_PATHS = (
					"$(inherited)",
					"@executable_path/Frameworks",
					"@loader_path/Frameworks",
				);
				PRODUCT_BUNDLE_IDENTIFIER = com.polszacki.coffeemaker.DataTests;
				PRODUCT_NAME = "$(TARGET_NAME)";
				SWIFT_VERSION = 5.0;
				TARGETED_DEVICE_FAMILY = "1,2";
				TEST_HOST = "$(BUILT_PRODUCTS_DIR)/CoffeeMaker.app/CoffeeMaker";
			};
			name = Debug;
		};
		A2D2EF7D25669845004A9E97 /* Release */ = {
			isa = XCBuildConfiguration;
			buildSettings = {
				ALWAYS_EMBED_SWIFT_STANDARD_LIBRARIES = YES;
				CODE_SIGN_STYLE = Automatic;
				DEVELOPMENT_TEAM = 8E4R5MT7MB;
				INFOPLIST_FILE = DataTests/Info.plist;
				LD_RUNPATH_SEARCH_PATHS = (
					"$(inherited)",
					"@executable_path/Frameworks",
					"@loader_path/Frameworks",
				);
				PRODUCT_BUNDLE_IDENTIFIER = com.polszacki.coffeemaker.DataTests;
				PRODUCT_NAME = "$(TARGET_NAME)";
				SWIFT_VERSION = 5.0;
				TARGETED_DEVICE_FAMILY = "1,2";
				TEST_HOST = "$(BUILT_PRODUCTS_DIR)/CoffeeMaker.app/CoffeeMaker";
			};
			name = Release;
		};
		A2EFC61B255EB19800D9E93F /* Debug */ = {
			isa = XCBuildConfiguration;
			buildSettings = {
				ALWAYS_SEARCH_USER_PATHS = NO;
				CLANG_ANALYZER_NONNULL = YES;
				CLANG_ANALYZER_NUMBER_OBJECT_CONVERSION = YES_AGGRESSIVE;
				CLANG_CXX_LANGUAGE_STANDARD = "gnu++14";
				CLANG_CXX_LIBRARY = "libc++";
				CLANG_ENABLE_MODULES = YES;
				CLANG_ENABLE_OBJC_ARC = YES;
				CLANG_ENABLE_OBJC_WEAK = YES;
				CLANG_WARN_BLOCK_CAPTURE_AUTORELEASING = YES;
				CLANG_WARN_BOOL_CONVERSION = YES;
				CLANG_WARN_COMMA = YES;
				CLANG_WARN_CONSTANT_CONVERSION = YES;
				CLANG_WARN_DEPRECATED_OBJC_IMPLEMENTATIONS = YES;
				CLANG_WARN_DIRECT_OBJC_ISA_USAGE = YES_ERROR;
				CLANG_WARN_DOCUMENTATION_COMMENTS = YES;
				CLANG_WARN_EMPTY_BODY = YES;
				CLANG_WARN_ENUM_CONVERSION = YES;
				CLANG_WARN_INFINITE_RECURSION = YES;
				CLANG_WARN_INT_CONVERSION = YES;
				CLANG_WARN_NON_LITERAL_NULL_CONVERSION = YES;
				CLANG_WARN_OBJC_IMPLICIT_RETAIN_SELF = YES;
				CLANG_WARN_OBJC_LITERAL_CONVERSION = YES;
				CLANG_WARN_OBJC_ROOT_CLASS = YES_ERROR;
				CLANG_WARN_QUOTED_INCLUDE_IN_FRAMEWORK_HEADER = YES;
				CLANG_WARN_RANGE_LOOP_ANALYSIS = YES;
				CLANG_WARN_STRICT_PROTOTYPES = YES;
				CLANG_WARN_SUSPICIOUS_MOVE = YES;
				CLANG_WARN_UNGUARDED_AVAILABILITY = YES_AGGRESSIVE;
				CLANG_WARN_UNREACHABLE_CODE = YES;
				CLANG_WARN__DUPLICATE_METHOD_MATCH = YES;
				COPY_PHASE_STRIP = NO;
				DEBUG_INFORMATION_FORMAT = dwarf;
				ENABLE_STRICT_OBJC_MSGSEND = YES;
				ENABLE_TESTABILITY = YES;
				GCC_C_LANGUAGE_STANDARD = gnu11;
				GCC_DYNAMIC_NO_PIC = NO;
				GCC_NO_COMMON_BLOCKS = YES;
				GCC_OPTIMIZATION_LEVEL = 0;
				GCC_PREPROCESSOR_DEFINITIONS = (
					"DEBUG=1",
					"$(inherited)",
				);
				GCC_WARN_64_TO_32_BIT_CONVERSION = YES;
				GCC_WARN_ABOUT_RETURN_TYPE = YES_ERROR;
				GCC_WARN_UNDECLARED_SELECTOR = YES;
				GCC_WARN_UNINITIALIZED_AUTOS = YES_AGGRESSIVE;
				GCC_WARN_UNUSED_FUNCTION = YES;
				GCC_WARN_UNUSED_VARIABLE = YES;
				IPHONEOS_DEPLOYMENT_TARGET = 14.0;
				MTL_ENABLE_DEBUG_INFO = INCLUDE_SOURCE;
				MTL_FAST_MATH = YES;
				ONLY_ACTIVE_ARCH = YES;
				SDKROOT = iphoneos;
				SWIFT_ACTIVE_COMPILATION_CONDITIONS = DEBUG;
				SWIFT_OPTIMIZATION_LEVEL = "-Onone";
			};
			name = Debug;
		};
		A2EFC61C255EB19800D9E93F /* Release */ = {
			isa = XCBuildConfiguration;
			buildSettings = {
				ALWAYS_SEARCH_USER_PATHS = NO;
				CLANG_ANALYZER_NONNULL = YES;
				CLANG_ANALYZER_NUMBER_OBJECT_CONVERSION = YES_AGGRESSIVE;
				CLANG_CXX_LANGUAGE_STANDARD = "gnu++14";
				CLANG_CXX_LIBRARY = "libc++";
				CLANG_ENABLE_MODULES = YES;
				CLANG_ENABLE_OBJC_ARC = YES;
				CLANG_ENABLE_OBJC_WEAK = YES;
				CLANG_WARN_BLOCK_CAPTURE_AUTORELEASING = YES;
				CLANG_WARN_BOOL_CONVERSION = YES;
				CLANG_WARN_COMMA = YES;
				CLANG_WARN_CONSTANT_CONVERSION = YES;
				CLANG_WARN_DEPRECATED_OBJC_IMPLEMENTATIONS = YES;
				CLANG_WARN_DIRECT_OBJC_ISA_USAGE = YES_ERROR;
				CLANG_WARN_DOCUMENTATION_COMMENTS = YES;
				CLANG_WARN_EMPTY_BODY = YES;
				CLANG_WARN_ENUM_CONVERSION = YES;
				CLANG_WARN_INFINITE_RECURSION = YES;
				CLANG_WARN_INT_CONVERSION = YES;
				CLANG_WARN_NON_LITERAL_NULL_CONVERSION = YES;
				CLANG_WARN_OBJC_IMPLICIT_RETAIN_SELF = YES;
				CLANG_WARN_OBJC_LITERAL_CONVERSION = YES;
				CLANG_WARN_OBJC_ROOT_CLASS = YES_ERROR;
				CLANG_WARN_QUOTED_INCLUDE_IN_FRAMEWORK_HEADER = YES;
				CLANG_WARN_RANGE_LOOP_ANALYSIS = YES;
				CLANG_WARN_STRICT_PROTOTYPES = YES;
				CLANG_WARN_SUSPICIOUS_MOVE = YES;
				CLANG_WARN_UNGUARDED_AVAILABILITY = YES_AGGRESSIVE;
				CLANG_WARN_UNREACHABLE_CODE = YES;
				CLANG_WARN__DUPLICATE_METHOD_MATCH = YES;
				COPY_PHASE_STRIP = NO;
				DEBUG_INFORMATION_FORMAT = "dwarf-with-dsym";
				ENABLE_NS_ASSERTIONS = NO;
				ENABLE_STRICT_OBJC_MSGSEND = YES;
				GCC_C_LANGUAGE_STANDARD = gnu11;
				GCC_NO_COMMON_BLOCKS = YES;
				GCC_WARN_64_TO_32_BIT_CONVERSION = YES;
				GCC_WARN_ABOUT_RETURN_TYPE = YES_ERROR;
				GCC_WARN_UNDECLARED_SELECTOR = YES;
				GCC_WARN_UNINITIALIZED_AUTOS = YES_AGGRESSIVE;
				GCC_WARN_UNUSED_FUNCTION = YES;
				GCC_WARN_UNUSED_VARIABLE = YES;
				IPHONEOS_DEPLOYMENT_TARGET = 14.0;
				MTL_ENABLE_DEBUG_INFO = NO;
				MTL_FAST_MATH = YES;
				SDKROOT = iphoneos;
				SWIFT_COMPILATION_MODE = wholemodule;
				SWIFT_OPTIMIZATION_LEVEL = "-O";
				VALIDATE_PRODUCT = YES;
			};
			name = Release;
		};
		A2EFC61E255EB19800D9E93F /* Debug */ = {
			isa = XCBuildConfiguration;
			buildSettings = {
				ALWAYS_EMBED_SWIFT_STANDARD_LIBRARIES = YES;
				ASSETCATALOG_COMPILER_APPICON_NAME = AppIcon;
				ASSETCATALOG_COMPILER_GLOBAL_ACCENT_COLOR_NAME = AccentColor;
				CODE_SIGN_STYLE = Automatic;
				DEVELOPMENT_ASSET_PATHS = "\"CoffeeMaker/Preview Content\"";
				DEVELOPMENT_TEAM = 8E4R5MT7MB;
				ENABLE_PREVIEWS = YES;
				INFOPLIST_FILE = CoffeeMaker/Info.plist;
				IPHONEOS_DEPLOYMENT_TARGET = 14.0;
				LD_RUNPATH_SEARCH_PATHS = (
					"$(inherited)",
					"@executable_path/Frameworks",
				);
				PRODUCT_BUNDLE_IDENTIFIER = com.polszacki.CoffeeMaker;
				PRODUCT_NAME = "$(TARGET_NAME)";
				SWIFT_VERSION = 5.0;
				TARGETED_DEVICE_FAMILY = "1,2";
			};
			name = Debug;
		};
		A2EFC61F255EB19800D9E93F /* Release */ = {
			isa = XCBuildConfiguration;
			buildSettings = {
				ALWAYS_EMBED_SWIFT_STANDARD_LIBRARIES = YES;
				ASSETCATALOG_COMPILER_APPICON_NAME = AppIcon;
				ASSETCATALOG_COMPILER_GLOBAL_ACCENT_COLOR_NAME = AccentColor;
				CODE_SIGN_STYLE = Automatic;
				DEVELOPMENT_ASSET_PATHS = "\"CoffeeMaker/Preview Content\"";
				DEVELOPMENT_TEAM = 8E4R5MT7MB;
				ENABLE_PREVIEWS = YES;
				INFOPLIST_FILE = CoffeeMaker/Info.plist;
				IPHONEOS_DEPLOYMENT_TARGET = 14.0;
				LD_RUNPATH_SEARCH_PATHS = (
					"$(inherited)",
					"@executable_path/Frameworks",
				);
				PRODUCT_BUNDLE_IDENTIFIER = com.polszacki.CoffeeMaker;
				PRODUCT_NAME = "$(TARGET_NAME)";
				SWIFT_VERSION = 5.0;
				TARGETED_DEVICE_FAMILY = "1,2";
			};
			name = Release;
		};
		A2EFC621255EB19800D9E93F /* Debug */ = {
			isa = XCBuildConfiguration;
			buildSettings = {
				ALWAYS_EMBED_SWIFT_STANDARD_LIBRARIES = YES;
				BUNDLE_LOADER = "$(TEST_HOST)";
				CODE_SIGN_STYLE = Automatic;
				DEVELOPMENT_TEAM = 8E4R5MT7MB;
				INFOPLIST_FILE = CoffeeMakerTests/Info.plist;
				IPHONEOS_DEPLOYMENT_TARGET = 14.0;
				LD_RUNPATH_SEARCH_PATHS = (
					"$(inherited)",
					"@executable_path/Frameworks",
					"@loader_path/Frameworks",
				);
				PRODUCT_BUNDLE_IDENTIFIER = com.polszacki.CoffeeMakerTests;
				PRODUCT_NAME = "$(TARGET_NAME)";
				SWIFT_VERSION = 5.0;
				TARGETED_DEVICE_FAMILY = "1,2";
				TEST_HOST = "$(BUILT_PRODUCTS_DIR)/CoffeeMaker.app/CoffeeMaker";
			};
			name = Debug;
		};
		A2EFC622255EB19800D9E93F /* Release */ = {
			isa = XCBuildConfiguration;
			buildSettings = {
				ALWAYS_EMBED_SWIFT_STANDARD_LIBRARIES = YES;
				BUNDLE_LOADER = "$(TEST_HOST)";
				CODE_SIGN_STYLE = Automatic;
				DEVELOPMENT_TEAM = 8E4R5MT7MB;
				INFOPLIST_FILE = CoffeeMakerTests/Info.plist;
				IPHONEOS_DEPLOYMENT_TARGET = 14.0;
				LD_RUNPATH_SEARCH_PATHS = (
					"$(inherited)",
					"@executable_path/Frameworks",
					"@loader_path/Frameworks",
				);
				PRODUCT_BUNDLE_IDENTIFIER = com.polszacki.CoffeeMakerTests;
				PRODUCT_NAME = "$(TARGET_NAME)";
				SWIFT_VERSION = 5.0;
				TARGETED_DEVICE_FAMILY = "1,2";
				TEST_HOST = "$(BUILT_PRODUCTS_DIR)/CoffeeMaker.app/CoffeeMaker";
			};
			name = Release;
		};
		A2EFC624255EB19800D9E93F /* Debug */ = {
			isa = XCBuildConfiguration;
			buildSettings = {
				ALWAYS_EMBED_SWIFT_STANDARD_LIBRARIES = YES;
				CODE_SIGN_STYLE = Automatic;
				DEVELOPMENT_TEAM = 8E4R5MT7MB;
				INFOPLIST_FILE = CoffeeMakerUITests/Info.plist;
				LD_RUNPATH_SEARCH_PATHS = (
					"$(inherited)",
					"@executable_path/Frameworks",
					"@loader_path/Frameworks",
				);
				PRODUCT_BUNDLE_IDENTIFIER = com.polszacki.CoffeeMakerUITests;
				PRODUCT_NAME = "$(TARGET_NAME)";
				SWIFT_VERSION = 5.0;
				TARGETED_DEVICE_FAMILY = "1,2";
				TEST_TARGET_NAME = CoffeeMaker;
			};
			name = Debug;
		};
		A2EFC625255EB19800D9E93F /* Release */ = {
			isa = XCBuildConfiguration;
			buildSettings = {
				ALWAYS_EMBED_SWIFT_STANDARD_LIBRARIES = YES;
				CODE_SIGN_STYLE = Automatic;
				DEVELOPMENT_TEAM = 8E4R5MT7MB;
				INFOPLIST_FILE = CoffeeMakerUITests/Info.plist;
				LD_RUNPATH_SEARCH_PATHS = (
					"$(inherited)",
					"@executable_path/Frameworks",
					"@loader_path/Frameworks",
				);
				PRODUCT_BUNDLE_IDENTIFIER = com.polszacki.CoffeeMakerUITests;
				PRODUCT_NAME = "$(TARGET_NAME)";
				SWIFT_VERSION = 5.0;
				TARGETED_DEVICE_FAMILY = "1,2";
				TEST_TARGET_NAME = CoffeeMaker;
			};
			name = Release;
		};
		A2EFC675255EB6CA00D9E93F /* Debug */ = {
			isa = XCBuildConfiguration;
			buildSettings = {
				CLANG_ENABLE_MODULES = YES;
				CODE_SIGN_STYLE = Automatic;
				CURRENT_PROJECT_VERSION = 1;
				DEFINES_MODULE = YES;
				DEVELOPMENT_TEAM = 8E4R5MT7MB;
				DYLIB_COMPATIBILITY_VERSION = 1;
				DYLIB_CURRENT_VERSION = 1;
				DYLIB_INSTALL_NAME_BASE = "@rpath";
				INFOPLIST_FILE = Domain/Info.plist;
				INSTALL_PATH = "$(LOCAL_LIBRARY_DIR)/Frameworks";
				LD_RUNPATH_SEARCH_PATHS = (
					"$(inherited)",
					"@executable_path/Frameworks",
					"@loader_path/Frameworks",
				);
				PRODUCT_BUNDLE_IDENTIFIER = com.polszacki.coffeemaker.Domain;
				PRODUCT_NAME = "$(TARGET_NAME:c99extidentifier)";
				SKIP_INSTALL = YES;
				SWIFT_OPTIMIZATION_LEVEL = "-Onone";
				SWIFT_VERSION = 5.0;
				TARGETED_DEVICE_FAMILY = "1,2";
				VERSIONING_SYSTEM = "apple-generic";
				VERSION_INFO_PREFIX = "";
			};
			name = Debug;
		};
		A2EFC676255EB6CA00D9E93F /* Release */ = {
			isa = XCBuildConfiguration;
			buildSettings = {
				CLANG_ENABLE_MODULES = YES;
				CODE_SIGN_STYLE = Automatic;
				CURRENT_PROJECT_VERSION = 1;
				DEFINES_MODULE = YES;
				DEVELOPMENT_TEAM = 8E4R5MT7MB;
				DYLIB_COMPATIBILITY_VERSION = 1;
				DYLIB_CURRENT_VERSION = 1;
				DYLIB_INSTALL_NAME_BASE = "@rpath";
				INFOPLIST_FILE = Domain/Info.plist;
				INSTALL_PATH = "$(LOCAL_LIBRARY_DIR)/Frameworks";
				LD_RUNPATH_SEARCH_PATHS = (
					"$(inherited)",
					"@executable_path/Frameworks",
					"@loader_path/Frameworks",
				);
				PRODUCT_BUNDLE_IDENTIFIER = com.polszacki.coffeemaker.Domain;
				PRODUCT_NAME = "$(TARGET_NAME:c99extidentifier)";
				SKIP_INSTALL = YES;
				SWIFT_VERSION = 5.0;
				TARGETED_DEVICE_FAMILY = "1,2";
				VERSIONING_SYSTEM = "apple-generic";
				VERSION_INFO_PREFIX = "";
			};
			name = Release;
		};
		A2EFC679255EB6CA00D9E93F /* Debug */ = {
			isa = XCBuildConfiguration;
			buildSettings = {
				ALWAYS_EMBED_SWIFT_STANDARD_LIBRARIES = YES;
				CODE_SIGN_STYLE = Automatic;
				DEVELOPMENT_TEAM = 8E4R5MT7MB;
				INFOPLIST_FILE = DomainTests/Info.plist;
				LD_RUNPATH_SEARCH_PATHS = (
					"$(inherited)",
					"@executable_path/Frameworks",
					"@loader_path/Frameworks",
				);
				PRODUCT_BUNDLE_IDENTIFIER = com.polszacki.coffeemaker.DomainTests;
				PRODUCT_NAME = "$(TARGET_NAME)";
				SWIFT_VERSION = 5.0;
				TARGETED_DEVICE_FAMILY = "1,2";
				TEST_HOST = "$(BUILT_PRODUCTS_DIR)/CoffeeMaker.app/CoffeeMaker";
			};
			name = Debug;
		};
		A2EFC67A255EB6CA00D9E93F /* Release */ = {
			isa = XCBuildConfiguration;
			buildSettings = {
				ALWAYS_EMBED_SWIFT_STANDARD_LIBRARIES = YES;
				CODE_SIGN_STYLE = Automatic;
				DEVELOPMENT_TEAM = 8E4R5MT7MB;
				INFOPLIST_FILE = DomainTests/Info.plist;
				LD_RUNPATH_SEARCH_PATHS = (
					"$(inherited)",
					"@executable_path/Frameworks",
					"@loader_path/Frameworks",
				);
				PRODUCT_BUNDLE_IDENTIFIER = com.polszacki.coffeemaker.DomainTests;
				PRODUCT_NAME = "$(TARGET_NAME)";
				SWIFT_VERSION = 5.0;
				TARGETED_DEVICE_FAMILY = "1,2";
				TEST_HOST = "$(BUILT_PRODUCTS_DIR)/CoffeeMaker.app/CoffeeMaker";
			};
			name = Release;
		};
/* End XCBuildConfiguration section */

/* Begin XCConfigurationList section */
		A2D2EF7825669845004A9E97 /* Build configuration list for PBXNativeTarget "Data" */ = {
			isa = XCConfigurationList;
			buildConfigurations = (
				A2D2EF7925669845004A9E97 /* Debug */,
				A2D2EF7A25669845004A9E97 /* Release */,
			);
			defaultConfigurationIsVisible = 0;
			defaultConfigurationName = Release;
		};
		A2D2EF7B25669845004A9E97 /* Build configuration list for PBXNativeTarget "DataTests" */ = {
			isa = XCConfigurationList;
			buildConfigurations = (
				A2D2EF7C25669845004A9E97 /* Debug */,
				A2D2EF7D25669845004A9E97 /* Release */,
			);
			defaultConfigurationIsVisible = 0;
			defaultConfigurationName = Release;
		};
		A2EFC5EE255EB19500D9E93F /* Build configuration list for PBXProject "CoffeeMaker" */ = {
			isa = XCConfigurationList;
			buildConfigurations = (
				A2EFC61B255EB19800D9E93F /* Debug */,
				A2EFC61C255EB19800D9E93F /* Release */,
			);
			defaultConfigurationIsVisible = 0;
			defaultConfigurationName = Release;
		};
		A2EFC61D255EB19800D9E93F /* Build configuration list for PBXNativeTarget "CoffeeMaker" */ = {
			isa = XCConfigurationList;
			buildConfigurations = (
				A2EFC61E255EB19800D9E93F /* Debug */,
				A2EFC61F255EB19800D9E93F /* Release */,
			);
			defaultConfigurationIsVisible = 0;
			defaultConfigurationName = Release;
		};
		A2EFC620255EB19800D9E93F /* Build configuration list for PBXNativeTarget "CoffeeMakerTests" */ = {
			isa = XCConfigurationList;
			buildConfigurations = (
				A2EFC621255EB19800D9E93F /* Debug */,
				A2EFC622255EB19800D9E93F /* Release */,
			);
			defaultConfigurationIsVisible = 0;
			defaultConfigurationName = Release;
		};
		A2EFC623255EB19800D9E93F /* Build configuration list for PBXNativeTarget "CoffeeMakerUITests" */ = {
			isa = XCConfigurationList;
			buildConfigurations = (
				A2EFC624255EB19800D9E93F /* Debug */,
				A2EFC625255EB19800D9E93F /* Release */,
			);
			defaultConfigurationIsVisible = 0;
			defaultConfigurationName = Release;
		};
		A2EFC674255EB6CA00D9E93F /* Build configuration list for PBXNativeTarget "Domain" */ = {
			isa = XCConfigurationList;
			buildConfigurations = (
				A2EFC675255EB6CA00D9E93F /* Debug */,
				A2EFC676255EB6CA00D9E93F /* Release */,
			);
			defaultConfigurationIsVisible = 0;
			defaultConfigurationName = Release;
		};
		A2EFC678255EB6CA00D9E93F /* Build configuration list for PBXNativeTarget "DomainTests" */ = {
			isa = XCConfigurationList;
			buildConfigurations = (
				A2EFC679255EB6CA00D9E93F /* Debug */,
				A2EFC67A255EB6CA00D9E93F /* Release */,
			);
			defaultConfigurationIsVisible = 0;
			defaultConfigurationName = Release;
		};
/* End XCConfigurationList section */

/* Begin XCVersionGroup section */
		A2EFC601255EB19700D9E93F /* CoffeeMaker.xcdatamodeld */ = {
			isa = XCVersionGroup;
			children = (
				A2EFC602255EB19700D9E93F /* CoffeeMaker.xcdatamodel */,
			);
			currentVersion = A2EFC602255EB19700D9E93F /* CoffeeMaker.xcdatamodel */;
			path = CoffeeMaker.xcdatamodeld;
			sourceTree = "<group>";
			versionGroupType = wrapper.xcdatamodel;
		};
/* End XCVersionGroup section */
	};
	rootObject = A2EFC5EB255EB19500D9E93F /* Project object */;
}
