// !$*UTF8*$!
{
	archiveVersion = 1;
	classes = {
	};
	objectVersion = 50;
	objects = {

/* Begin PBXBuildFile section */
		1E40BF0818FDA87147DEC00C /* Pods_Domain_DomainTests.framework in Frameworks */ = {isa = PBXBuildFile; fileRef = F1CA2957EA67C5D404FB0611 /* Pods_Domain_DomainTests.framework */; };
		7A763DE253F75662906E56C1 /* Pods_CoffeeMaker.framework in Frameworks */ = {isa = PBXBuildFile; fileRef = 2B1D50E0B4193C7D5AF43AC4 /* Pods_CoffeeMaker.framework */; };
		A2EFC5F7255EB19500D9E93F /* CoffeeMakerApp.swift in Sources */ = {isa = PBXBuildFile; fileRef = A2EFC5F6255EB19500D9E93F /* CoffeeMakerApp.swift */; };
		A2EFC5F9255EB19500D9E93F /* ContentView.swift in Sources */ = {isa = PBXBuildFile; fileRef = A2EFC5F8255EB19500D9E93F /* ContentView.swift */; };
		A2EFC5FB255EB19700D9E93F /* Assets.xcassets in Resources */ = {isa = PBXBuildFile; fileRef = A2EFC5FA255EB19700D9E93F /* Assets.xcassets */; };
		A2EFC5FE255EB19700D9E93F /* Preview Assets.xcassets in Resources */ = {isa = PBXBuildFile; fileRef = A2EFC5FD255EB19700D9E93F /* Preview Assets.xcassets */; };
		A2EFC600255EB19700D9E93F /* Persistence.swift in Sources */ = {isa = PBXBuildFile; fileRef = A2EFC5FF255EB19700D9E93F /* Persistence.swift */; };
		A2EFC603255EB19700D9E93F /* CoffeeMaker.xcdatamodeld in Sources */ = {isa = PBXBuildFile; fileRef = A2EFC601255EB19700D9E93F /* CoffeeMaker.xcdatamodeld */; };
		A2EFC60E255EB19800D9E93F /* CoffeeMakerTests.swift in Sources */ = {isa = PBXBuildFile; fileRef = A2EFC60D255EB19800D9E93F /* CoffeeMakerTests.swift */; };
		A2EFC619255EB19800D9E93F /* CoffeeMakerUITests.swift in Sources */ = {isa = PBXBuildFile; fileRef = A2EFC618255EB19800D9E93F /* CoffeeMakerUITests.swift */; };
		A2EFC666255EB6CA00D9E93F /* Domain.framework in Frameworks */ = {isa = PBXBuildFile; fileRef = A2EFC65D255EB6C900D9E93F /* Domain.framework */; };
		A2EFC66D255EB6CA00D9E93F /* DomainTests.swift in Sources */ = {isa = PBXBuildFile; fileRef = A2EFC66C255EB6CA00D9E93F /* DomainTests.swift */; };
		A2EFC66F255EB6CA00D9E93F /* Domain.h in Headers */ = {isa = PBXBuildFile; fileRef = A2EFC65F255EB6C900D9E93F /* Domain.h */; settings = {ATTRIBUTES = (Public, ); }; };
		A2EFC672255EB6CA00D9E93F /* Domain.framework in Frameworks */ = {isa = PBXBuildFile; fileRef = A2EFC65D255EB6C900D9E93F /* Domain.framework */; };
		A2EFC673255EB6CA00D9E93F /* Domain.framework in Embed Frameworks */ = {isa = PBXBuildFile; fileRef = A2EFC65D255EB6C900D9E93F /* Domain.framework */; settings = {ATTRIBUTES = (CodeSignOnCopy, RemoveHeadersOnCopy, ); }; };
		A2EFC682255EB93900D9E93F /* Coffee.swift in Sources */ = {isa = PBXBuildFile; fileRef = A2EFC681255EB93900D9E93F /* Coffee.swift */; };
		A2EFC688255EB99500D9E93F /* GetAllCoffees.swift in Sources */ = {isa = PBXBuildFile; fileRef = A2EFC687255EB99500D9E93F /* GetAllCoffees.swift */; };
		A2EFC68E255EB99F00D9E93F /* AddCoffee.swift in Sources */ = {isa = PBXBuildFile; fileRef = A2EFC68D255EB99F00D9E93F /* AddCoffee.swift */; };
		A2EFC694255EB9A700D9E93F /* RemoveCoffee.swift in Sources */ = {isa = PBXBuildFile; fileRef = A2EFC693255EB9A700D9E93F /* RemoveCoffee.swift */; };
		BA91A5A274BA2423ED1F9BE2 /* Pods_CoffeeMakerTests.framework in Frameworks */ = {isa = PBXBuildFile; fileRef = 0D20872BA411686C7A7F02F0 /* Pods_CoffeeMakerTests.framework */; };
		F3EEB049C9EF2B17DFB8AEEA /* Pods_Domain.framework in Frameworks */ = {isa = PBXBuildFile; fileRef = 89065B775F6128E5762AB1C1 /* Pods_Domain.framework */; };
/* End PBXBuildFile section */

/* Begin PBXContainerItemProxy section */
		A2EFC60A255EB19800D9E93F /* PBXContainerItemProxy */ = {
			isa = PBXContainerItemProxy;
			containerPortal = A2EFC5EB255EB19500D9E93F /* Project object */;
			proxyType = 1;
			remoteGlobalIDString = A2EFC5F2255EB19500D9E93F;
			remoteInfo = CoffeeMaker;
		};
		A2EFC615255EB19800D9E93F /* PBXContainerItemProxy */ = {
			isa = PBXContainerItemProxy;
			containerPortal = A2EFC5EB255EB19500D9E93F /* Project object */;
			proxyType = 1;
			remoteGlobalIDString = A2EFC5F2255EB19500D9E93F;
			remoteInfo = CoffeeMaker;
		};
		A2EFC667255EB6CA00D9E93F /* PBXContainerItemProxy */ = {
			isa = PBXContainerItemProxy;
			containerPortal = A2EFC5EB255EB19500D9E93F /* Project object */;
			proxyType = 1;
			remoteGlobalIDString = A2EFC65C255EB6C900D9E93F;
			remoteInfo = Domain;
		};
		A2EFC669255EB6CA00D9E93F /* PBXContainerItemProxy */ = {
			isa = PBXContainerItemProxy;
			containerPortal = A2EFC5EB255EB19500D9E93F /* Project object */;
			proxyType = 1;
			remoteGlobalIDString = A2EFC5F2255EB19500D9E93F;
			remoteInfo = CoffeeMaker;
		};
		A2EFC670255EB6CA00D9E93F /* PBXContainerItemProxy */ = {
			isa = PBXContainerItemProxy;
			containerPortal = A2EFC5EB255EB19500D9E93F /* Project object */;
			proxyType = 1;
			remoteGlobalIDString = A2EFC65C255EB6C900D9E93F;
			remoteInfo = Domain;
		};
/* End PBXContainerItemProxy section */

/* Begin PBXCopyFilesBuildPhase section */
		A2EFC677255EB6CA00D9E93F /* Embed Frameworks */ = {
			isa = PBXCopyFilesBuildPhase;
			buildActionMask = 2147483647;
			dstPath = "";
			dstSubfolderSpec = 10;
			files = (
				A2EFC673255EB6CA00D9E93F /* Domain.framework in Embed Frameworks */,
			);
			name = "Embed Frameworks";
			runOnlyForDeploymentPostprocessing = 0;
		};
/* End PBXCopyFilesBuildPhase section */

/* Begin PBXFileReference section */
		0D20872BA411686C7A7F02F0 /* Pods_CoffeeMakerTests.framework */ = {isa = PBXFileReference; explicitFileType = wrapper.framework; includeInIndex = 0; path = Pods_CoffeeMakerTests.framework; sourceTree = BUILT_PRODUCTS_DIR; };
		1E4D0AAC50402BCAE465E699 /* Pods-Domain-DomainTests.debug.xcconfig */ = {isa = PBXFileReference; includeInIndex = 1; lastKnownFileType = text.xcconfig; name = "Pods-Domain-DomainTests.debug.xcconfig"; path = "Target Support Files/Pods-Domain-DomainTests/Pods-Domain-DomainTests.debug.xcconfig"; sourceTree = "<group>"; };
		2B1D50E0B4193C7D5AF43AC4 /* Pods_CoffeeMaker.framework */ = {isa = PBXFileReference; explicitFileType = wrapper.framework; includeInIndex = 0; path = Pods_CoffeeMaker.framework; sourceTree = BUILT_PRODUCTS_DIR; };
		7CE901F2ECBA63608CECE0F2 /* Pods-CoffeeMaker.release.xcconfig */ = {isa = PBXFileReference; includeInIndex = 1; lastKnownFileType = text.xcconfig; name = "Pods-CoffeeMaker.release.xcconfig"; path = "Target Support Files/Pods-CoffeeMaker/Pods-CoffeeMaker.release.xcconfig"; sourceTree = "<group>"; };
		89065B775F6128E5762AB1C1 /* Pods_Domain.framework */ = {isa = PBXFileReference; explicitFileType = wrapper.framework; includeInIndex = 0; path = Pods_Domain.framework; sourceTree = BUILT_PRODUCTS_DIR; };
		9B9FC371D486F98496BEF9BA /* Pods-CoffeeMakerTests.release.xcconfig */ = {isa = PBXFileReference; includeInIndex = 1; lastKnownFileType = text.xcconfig; name = "Pods-CoffeeMakerTests.release.xcconfig"; path = "Target Support Files/Pods-CoffeeMakerTests/Pods-CoffeeMakerTests.release.xcconfig"; sourceTree = "<group>"; };
		A2EFC5F3255EB19500D9E93F /* CoffeeMaker.app */ = {isa = PBXFileReference; explicitFileType = wrapper.application; includeInIndex = 0; path = CoffeeMaker.app; sourceTree = BUILT_PRODUCTS_DIR; };
		A2EFC5F6255EB19500D9E93F /* CoffeeMakerApp.swift */ = {isa = PBXFileReference; lastKnownFileType = sourcecode.swift; path = CoffeeMakerApp.swift; sourceTree = "<group>"; };
		A2EFC5F8255EB19500D9E93F /* ContentView.swift */ = {isa = PBXFileReference; lastKnownFileType = sourcecode.swift; path = ContentView.swift; sourceTree = "<group>"; };
		A2EFC5FA255EB19700D9E93F /* Assets.xcassets */ = {isa = PBXFileReference; lastKnownFileType = folder.assetcatalog; path = Assets.xcassets; sourceTree = "<group>"; };
		A2EFC5FD255EB19700D9E93F /* Preview Assets.xcassets */ = {isa = PBXFileReference; lastKnownFileType = folder.assetcatalog; path = "Preview Assets.xcassets"; sourceTree = "<group>"; };
		A2EFC5FF255EB19700D9E93F /* Persistence.swift */ = {isa = PBXFileReference; lastKnownFileType = sourcecode.swift; path = Persistence.swift; sourceTree = "<group>"; };
		A2EFC602255EB19700D9E93F /* CoffeeMaker.xcdatamodel */ = {isa = PBXFileReference; lastKnownFileType = wrapper.xcdatamodel; path = CoffeeMaker.xcdatamodel; sourceTree = "<group>"; };
		A2EFC604255EB19700D9E93F /* Info.plist */ = {isa = PBXFileReference; lastKnownFileType = text.plist.xml; path = Info.plist; sourceTree = "<group>"; };
		A2EFC609255EB19800D9E93F /* CoffeeMakerTests.xctest */ = {isa = PBXFileReference; explicitFileType = wrapper.cfbundle; includeInIndex = 0; path = CoffeeMakerTests.xctest; sourceTree = BUILT_PRODUCTS_DIR; };
		A2EFC60D255EB19800D9E93F /* CoffeeMakerTests.swift */ = {isa = PBXFileReference; lastKnownFileType = sourcecode.swift; path = CoffeeMakerTests.swift; sourceTree = "<group>"; };
		A2EFC60F255EB19800D9E93F /* Info.plist */ = {isa = PBXFileReference; lastKnownFileType = text.plist.xml; path = Info.plist; sourceTree = "<group>"; };
		A2EFC614255EB19800D9E93F /* CoffeeMakerUITests.xctest */ = {isa = PBXFileReference; explicitFileType = wrapper.cfbundle; includeInIndex = 0; path = CoffeeMakerUITests.xctest; sourceTree = BUILT_PRODUCTS_DIR; };
		A2EFC618255EB19800D9E93F /* CoffeeMakerUITests.swift */ = {isa = PBXFileReference; lastKnownFileType = sourcecode.swift; path = CoffeeMakerUITests.swift; sourceTree = "<group>"; };
		A2EFC61A255EB19800D9E93F /* Info.plist */ = {isa = PBXFileReference; lastKnownFileType = text.plist.xml; path = Info.plist; sourceTree = "<group>"; };
		A2EFC65D255EB6C900D9E93F /* Domain.framework */ = {isa = PBXFileReference; explicitFileType = wrapper.framework; includeInIndex = 0; path = Domain.framework; sourceTree = BUILT_PRODUCTS_DIR; };
		A2EFC65F255EB6C900D9E93F /* Domain.h */ = {isa = PBXFileReference; lastKnownFileType = sourcecode.c.h; path = Domain.h; sourceTree = "<group>"; };
		A2EFC660255EB6C900D9E93F /* Info.plist */ = {isa = PBXFileReference; lastKnownFileType = text.plist.xml; path = Info.plist; sourceTree = "<group>"; };
		A2EFC665255EB6CA00D9E93F /* DomainTests.xctest */ = {isa = PBXFileReference; explicitFileType = wrapper.cfbundle; includeInIndex = 0; path = DomainTests.xctest; sourceTree = BUILT_PRODUCTS_DIR; };
		A2EFC66C255EB6CA00D9E93F /* DomainTests.swift */ = {isa = PBXFileReference; lastKnownFileType = sourcecode.swift; path = DomainTests.swift; sourceTree = "<group>"; };
		A2EFC66E255EB6CA00D9E93F /* Info.plist */ = {isa = PBXFileReference; lastKnownFileType = text.plist.xml; path = Info.plist; sourceTree = "<group>"; };
		A2EFC681255EB93900D9E93F /* Coffee.swift */ = {isa = PBXFileReference; lastKnownFileType = sourcecode.swift; path = Coffee.swift; sourceTree = "<group>"; };
		A2EFC687255EB99500D9E93F /* GetAllCoffees.swift */ = {isa = PBXFileReference; lastKnownFileType = sourcecode.swift; path = GetAllCoffees.swift; sourceTree = "<group>"; };
		A2EFC68D255EB99F00D9E93F /* AddCoffee.swift */ = {isa = PBXFileReference; lastKnownFileType = sourcecode.swift; path = AddCoffee.swift; sourceTree = "<group>"; };
		A2EFC693255EB9A700D9E93F /* RemoveCoffee.swift */ = {isa = PBXFileReference; lastKnownFileType = sourcecode.swift; path = RemoveCoffee.swift; sourceTree = "<group>"; };
		A2EFC699255EBA1500D9E93F /* Podfile */ = {isa = PBXFileReference; lastKnownFileType = text; path = Podfile; sourceTree = SOURCE_ROOT; };
		AC785D695DC9BED643F566FB /* Pods-Domain.release.xcconfig */ = {isa = PBXFileReference; includeInIndex = 1; lastKnownFileType = text.xcconfig; name = "Pods-Domain.release.xcconfig"; path = "Target Support Files/Pods-Domain/Pods-Domain.release.xcconfig"; sourceTree = "<group>"; };
		C95E4F3C6FFFF78676853BC0 /* Pods-Domain.debug.xcconfig */ = {isa = PBXFileReference; includeInIndex = 1; lastKnownFileType = text.xcconfig; name = "Pods-Domain.debug.xcconfig"; path = "Target Support Files/Pods-Domain/Pods-Domain.debug.xcconfig"; sourceTree = "<group>"; };
		E2D4DE1ED0CB4DE60D36106E /* Pods-Domain-DomainTests.release.xcconfig */ = {isa = PBXFileReference; includeInIndex = 1; lastKnownFileType = text.xcconfig; name = "Pods-Domain-DomainTests.release.xcconfig"; path = "Target Support Files/Pods-Domain-DomainTests/Pods-Domain-DomainTests.release.xcconfig"; sourceTree = "<group>"; };
		EB33BBF77324CCC0F8F87380 /* Pods-CoffeeMaker.debug.xcconfig */ = {isa = PBXFileReference; includeInIndex = 1; lastKnownFileType = text.xcconfig; name = "Pods-CoffeeMaker.debug.xcconfig"; path = "Target Support Files/Pods-CoffeeMaker/Pods-CoffeeMaker.debug.xcconfig"; sourceTree = "<group>"; };
		EB508F64A5411FA5904EC4C0 /* Pods-CoffeeMakerTests.debug.xcconfig */ = {isa = PBXFileReference; includeInIndex = 1; lastKnownFileType = text.xcconfig; name = "Pods-CoffeeMakerTests.debug.xcconfig"; path = "Target Support Files/Pods-CoffeeMakerTests/Pods-CoffeeMakerTests.debug.xcconfig"; sourceTree = "<group>"; };
		F1CA2957EA67C5D404FB0611 /* Pods_Domain_DomainTests.framework */ = {isa = PBXFileReference; explicitFileType = wrapper.framework; includeInIndex = 0; path = Pods_Domain_DomainTests.framework; sourceTree = BUILT_PRODUCTS_DIR; };
/* End PBXFileReference section */

/* Begin PBXFrameworksBuildPhase section */
		A2EFC5F0255EB19500D9E93F /* Frameworks */ = {
			isa = PBXFrameworksBuildPhase;
			buildActionMask = 2147483647;
			files = (
				A2EFC672255EB6CA00D9E93F /* Domain.framework in Frameworks */,
				7A763DE253F75662906E56C1 /* Pods_CoffeeMaker.framework in Frameworks */,
			);
			runOnlyForDeploymentPostprocessing = 0;
		};
		A2EFC606255EB19800D9E93F /* Frameworks */ = {
			isa = PBXFrameworksBuildPhase;
			buildActionMask = 2147483647;
			files = (
				BA91A5A274BA2423ED1F9BE2 /* Pods_CoffeeMakerTests.framework in Frameworks */,
			);
			runOnlyForDeploymentPostprocessing = 0;
		};
		A2EFC611255EB19800D9E93F /* Frameworks */ = {
			isa = PBXFrameworksBuildPhase;
			buildActionMask = 2147483647;
			files = (
			);
			runOnlyForDeploymentPostprocessing = 0;
		};
		A2EFC65A255EB6C900D9E93F /* Frameworks */ = {
			isa = PBXFrameworksBuildPhase;
			buildActionMask = 2147483647;
			files = (
				F3EEB049C9EF2B17DFB8AEEA /* Pods_Domain.framework in Frameworks */,
			);
			runOnlyForDeploymentPostprocessing = 0;
		};
		A2EFC662255EB6CA00D9E93F /* Frameworks */ = {
			isa = PBXFrameworksBuildPhase;
			buildActionMask = 2147483647;
			files = (
				A2EFC666255EB6CA00D9E93F /* Domain.framework in Frameworks */,
				1E40BF0818FDA87147DEC00C /* Pods_Domain_DomainTests.framework in Frameworks */,
			);
			runOnlyForDeploymentPostprocessing = 0;
		};
/* End PBXFrameworksBuildPhase section */

/* Begin PBXGroup section */
		A2EFC5EA255EB19500D9E93F = {
			isa = PBXGroup;
			children = (
				A2EFC5F5255EB19500D9E93F /* CoffeeMaker */,
				A2EFC60C255EB19800D9E93F /* CoffeeMakerTests */,
				A2EFC617255EB19800D9E93F /* CoffeeMakerUITests */,
				A2EFC65E255EB6C900D9E93F /* Domain */,
				A2EFC66B255EB6CA00D9E93F /* DomainTests */,
				A2EFC5F4255EB19500D9E93F /* Products */,
				CAA1560416F8596E95476219 /* Pods */,
				B8F41BA06E8DE7C037D29A73 /* Frameworks */,
			);
			sourceTree = "<group>";
		};
		A2EFC5F4255EB19500D9E93F /* Products */ = {
			isa = PBXGroup;
			children = (
				A2EFC5F3255EB19500D9E93F /* CoffeeMaker.app */,
				A2EFC609255EB19800D9E93F /* CoffeeMakerTests.xctest */,
				A2EFC614255EB19800D9E93F /* CoffeeMakerUITests.xctest */,
				A2EFC65D255EB6C900D9E93F /* Domain.framework */,
				A2EFC665255EB6CA00D9E93F /* DomainTests.xctest */,
			);
			name = Products;
			sourceTree = "<group>";
		};
		A2EFC5F5255EB19500D9E93F /* CoffeeMaker */ = {
			isa = PBXGroup;
			children = (
				A2EFC5F6255EB19500D9E93F /* CoffeeMakerApp.swift */,
				A2EFC5F8255EB19500D9E93F /* ContentView.swift */,
				A2EFC5FA255EB19700D9E93F /* Assets.xcassets */,
				A2EFC5FF255EB19700D9E93F /* Persistence.swift */,
				A2EFC604255EB19700D9E93F /* Info.plist */,
				A2EFC699255EBA1500D9E93F /* Podfile */,
				A2EFC601255EB19700D9E93F /* CoffeeMaker.xcdatamodeld */,
				A2EFC5FC255EB19700D9E93F /* Preview Content */,
			);
			path = CoffeeMaker;
			sourceTree = "<group>";
		};
		A2EFC5FC255EB19700D9E93F /* Preview Content */ = {
			isa = PBXGroup;
			children = (
				A2EFC5FD255EB19700D9E93F /* Preview Assets.xcassets */,
			);
			path = "Preview Content";
			sourceTree = "<group>";
		};
		A2EFC60C255EB19800D9E93F /* CoffeeMakerTests */ = {
			isa = PBXGroup;
			children = (
				A2EFC60D255EB19800D9E93F /* CoffeeMakerTests.swift */,
				A2EFC60F255EB19800D9E93F /* Info.plist */,
			);
			path = CoffeeMakerTests;
			sourceTree = "<group>";
		};
		A2EFC617255EB19800D9E93F /* CoffeeMakerUITests */ = {
			isa = PBXGroup;
			children = (
				A2EFC618255EB19800D9E93F /* CoffeeMakerUITests.swift */,
				A2EFC61A255EB19800D9E93F /* Info.plist */,
			);
			path = CoffeeMakerUITests;
			sourceTree = "<group>";
		};
		A2EFC65E255EB6C900D9E93F /* Domain */ = {
			isa = PBXGroup;
			children = (
				A2EFC680255EB92B00D9E93F /* UseCases */,
				A2EFC67F255EB92600D9E93F /* Models */,
				A2EFC65F255EB6C900D9E93F /* Domain.h */,
				A2EFC660255EB6C900D9E93F /* Info.plist */,
			);
			path = Domain;
			sourceTree = "<group>";
		};
		A2EFC66B255EB6CA00D9E93F /* DomainTests */ = {
			isa = PBXGroup;
			children = (
				A2EFC66C255EB6CA00D9E93F /* DomainTests.swift */,
				A2EFC66E255EB6CA00D9E93F /* Info.plist */,
			);
			path = DomainTests;
			sourceTree = "<group>";
		};
		A2EFC67F255EB92600D9E93F /* Models */ = {
			isa = PBXGroup;
			children = (
				A2EFC681255EB93900D9E93F /* Coffee.swift */,
			);
			path = Models;
			sourceTree = "<group>";
		};
		A2EFC680255EB92B00D9E93F /* UseCases */ = {
			isa = PBXGroup;
			children = (
				A2EFC68D255EB99F00D9E93F /* AddCoffee.swift */,
				A2EFC687255EB99500D9E93F /* GetAllCoffees.swift */,
				A2EFC693255EB9A700D9E93F /* RemoveCoffee.swift */,
			);
			path = UseCases;
			sourceTree = "<group>";
		};
		B8F41BA06E8DE7C037D29A73 /* Frameworks */ = {
			isa = PBXGroup;
			children = (
				2B1D50E0B4193C7D5AF43AC4 /* Pods_CoffeeMaker.framework */,
				0D20872BA411686C7A7F02F0 /* Pods_CoffeeMakerTests.framework */,
				89065B775F6128E5762AB1C1 /* Pods_Domain.framework */,
				F1CA2957EA67C5D404FB0611 /* Pods_Domain_DomainTests.framework */,
			);
			name = Frameworks;
			sourceTree = "<group>";
		};
		CAA1560416F8596E95476219 /* Pods */ = {
			isa = PBXGroup;
			children = (
				EB33BBF77324CCC0F8F87380 /* Pods-CoffeeMaker.debug.xcconfig */,
				7CE901F2ECBA63608CECE0F2 /* Pods-CoffeeMaker.release.xcconfig */,
				EB508F64A5411FA5904EC4C0 /* Pods-CoffeeMakerTests.debug.xcconfig */,
				9B9FC371D486F98496BEF9BA /* Pods-CoffeeMakerTests.release.xcconfig */,
				C95E4F3C6FFFF78676853BC0 /* Pods-Domain.debug.xcconfig */,
				AC785D695DC9BED643F566FB /* Pods-Domain.release.xcconfig */,
				1E4D0AAC50402BCAE465E699 /* Pods-Domain-DomainTests.debug.xcconfig */,
				E2D4DE1ED0CB4DE60D36106E /* Pods-Domain-DomainTests.release.xcconfig */,
			);
			name = Pods;
			path = Pods;
			sourceTree = "<group>";
		};
/* End PBXGroup section */

/* Begin PBXHeadersBuildPhase section */
		A2EFC658255EB6C900D9E93F /* Headers */ = {
			isa = PBXHeadersBuildPhase;
			buildActionMask = 2147483647;
			files = (
				A2EFC66F255EB6CA00D9E93F /* Domain.h in Headers */,
			);
			runOnlyForDeploymentPostprocessing = 0;
		};
/* End PBXHeadersBuildPhase section */

/* Begin PBXNativeTarget section */
		A2EFC5F2255EB19500D9E93F /* CoffeeMaker */ = {
			isa = PBXNativeTarget;
			buildConfigurationList = A2EFC61D255EB19800D9E93F /* Build configuration list for PBXNativeTarget "CoffeeMaker" */;
			buildPhases = (
				8E89E123D1B14585EA60A86E /* [CP] Check Pods Manifest.lock */,
				A2EFC5EF255EB19500D9E93F /* Sources */,
				A2EFC5F0255EB19500D9E93F /* Frameworks */,
				A2EFC5F1255EB19500D9E93F /* Resources */,
				A2EFC677255EB6CA00D9E93F /* Embed Frameworks */,
			);
			buildRules = (
			);
			dependencies = (
				A2EFC671255EB6CA00D9E93F /* PBXTargetDependency */,
			);
			name = CoffeeMaker;
			productName = CoffeeMaker;
			productReference = A2EFC5F3255EB19500D9E93F /* CoffeeMaker.app */;
			productType = "com.apple.product-type.application";
		};
		A2EFC608255EB19800D9E93F /* CoffeeMakerTests */ = {
			isa = PBXNativeTarget;
			buildConfigurationList = A2EFC620255EB19800D9E93F /* Build configuration list for PBXNativeTarget "CoffeeMakerTests" */;
			buildPhases = (
				9255A80FD43FFDAC2D522831 /* [CP] Check Pods Manifest.lock */,
				A2EFC605255EB19800D9E93F /* Sources */,
				A2EFC606255EB19800D9E93F /* Frameworks */,
				A2EFC607255EB19800D9E93F /* Resources */,
			);
			buildRules = (
			);
			dependencies = (
				A2EFC60B255EB19800D9E93F /* PBXTargetDependency */,
			);
			name = CoffeeMakerTests;
			productName = CoffeeMakerTests;
			productReference = A2EFC609255EB19800D9E93F /* CoffeeMakerTests.xctest */;
			productType = "com.apple.product-type.bundle.unit-test";
		};
		A2EFC613255EB19800D9E93F /* CoffeeMakerUITests */ = {
			isa = PBXNativeTarget;
			buildConfigurationList = A2EFC623255EB19800D9E93F /* Build configuration list for PBXNativeTarget "CoffeeMakerUITests" */;
			buildPhases = (
				A2EFC610255EB19800D9E93F /* Sources */,
				A2EFC611255EB19800D9E93F /* Frameworks */,
				A2EFC612255EB19800D9E93F /* Resources */,
			);
			buildRules = (
			);
			dependencies = (
				A2EFC616255EB19800D9E93F /* PBXTargetDependency */,
			);
			name = CoffeeMakerUITests;
			productName = CoffeeMakerUITests;
			productReference = A2EFC614255EB19800D9E93F /* CoffeeMakerUITests.xctest */;
			productType = "com.apple.product-type.bundle.ui-testing";
		};
		A2EFC65C255EB6C900D9E93F /* Domain */ = {
			isa = PBXNativeTarget;
			buildConfigurationList = A2EFC674255EB6CA00D9E93F /* Build configuration list for PBXNativeTarget "Domain" */;
			buildPhases = (
				5679A59B1105C1D218EC3B36 /* [CP] Check Pods Manifest.lock */,
				A2EFC658255EB6C900D9E93F /* Headers */,
				A2EFC659255EB6C900D9E93F /* Sources */,
				A2EFC65A255EB6C900D9E93F /* Frameworks */,
				A2EFC65B255EB6C900D9E93F /* Resources */,
			);
			buildRules = (
			);
			dependencies = (
			);
			name = Domain;
			productName = Domain;
			productReference = A2EFC65D255EB6C900D9E93F /* Domain.framework */;
			productType = "com.apple.product-type.framework";
		};
		A2EFC664255EB6CA00D9E93F /* DomainTests */ = {
			isa = PBXNativeTarget;
			buildConfigurationList = A2EFC678255EB6CA00D9E93F /* Build configuration list for PBXNativeTarget "DomainTests" */;
			buildPhases = (
				1989E4EE3BFB1CAD82D69B7A /* [CP] Check Pods Manifest.lock */,
				A2EFC661255EB6CA00D9E93F /* Sources */,
				A2EFC662255EB6CA00D9E93F /* Frameworks */,
				A2EFC663255EB6CA00D9E93F /* Resources */,
			);
			buildRules = (
			);
			dependencies = (
				A2EFC668255EB6CA00D9E93F /* PBXTargetDependency */,
				A2EFC66A255EB6CA00D9E93F /* PBXTargetDependency */,
			);
			name = DomainTests;
			productName = DomainTests;
			productReference = A2EFC665255EB6CA00D9E93F /* DomainTests.xctest */;
			productType = "com.apple.product-type.bundle.unit-test";
		};
/* End PBXNativeTarget section */

/* Begin PBXProject section */
		A2EFC5EB255EB19500D9E93F /* Project object */ = {
			isa = PBXProject;
			attributes = {
				LastSwiftUpdateCheck = 1200;
				LastUpgradeCheck = 1200;
				TargetAttributes = {
					A2EFC5F2255EB19500D9E93F = {
						CreatedOnToolsVersion = 12.0;
					};
					A2EFC608255EB19800D9E93F = {
						CreatedOnToolsVersion = 12.0;
						TestTargetID = A2EFC5F2255EB19500D9E93F;
					};
					A2EFC613255EB19800D9E93F = {
						CreatedOnToolsVersion = 12.0;
						TestTargetID = A2EFC5F2255EB19500D9E93F;
					};
					A2EFC65C255EB6C900D9E93F = {
						CreatedOnToolsVersion = 12.0;
						LastSwiftMigration = 1200;
					};
					A2EFC664255EB6CA00D9E93F = {
						CreatedOnToolsVersion = 12.0;
						TestTargetID = A2EFC5F2255EB19500D9E93F;
					};
				};
			};
			buildConfigurationList = A2EFC5EE255EB19500D9E93F /* Build configuration list for PBXProject "CoffeeMaker" */;
			compatibilityVersion = "Xcode 9.3";
			developmentRegion = en;
			hasScannedForEncodings = 0;
			knownRegions = (
				en,
				Base,
			);
			mainGroup = A2EFC5EA255EB19500D9E93F;
			productRefGroup = A2EFC5F4255EB19500D9E93F /* Products */;
			projectDirPath = "";
			projectRoot = "";
			targets = (
				A2EFC5F2255EB19500D9E93F /* CoffeeMaker */,
				A2EFC608255EB19800D9E93F /* CoffeeMakerTests */,
				A2EFC613255EB19800D9E93F /* CoffeeMakerUITests */,
				A2EFC65C255EB6C900D9E93F /* Domain */,
				A2EFC664255EB6CA00D9E93F /* DomainTests */,
			);
		};
/* End PBXProject section */

/* Begin PBXResourcesBuildPhase section */
		A2EFC5F1255EB19500D9E93F /* Resources */ = {
			isa = PBXResourcesBuildPhase;
			buildActionMask = 2147483647;
			files = (
				A2EFC5FE255EB19700D9E93F /* Preview Assets.xcassets in Resources */,
				A2EFC5FB255EB19700D9E93F /* Assets.xcassets in Resources */,
			);
			runOnlyForDeploymentPostprocessing = 0;
		};
		A2EFC607255EB19800D9E93F /* Resources */ = {
			isa = PBXResourcesBuildPhase;
			buildActionMask = 2147483647;
			files = (
			);
			runOnlyForDeploymentPostprocessing = 0;
		};
		A2EFC612255EB19800D9E93F /* Resources */ = {
			isa = PBXResourcesBuildPhase;
			buildActionMask = 2147483647;
			files = (
			);
			runOnlyForDeploymentPostprocessing = 0;
		};
		A2EFC65B255EB6C900D9E93F /* Resources */ = {
			isa = PBXResourcesBuildPhase;
			buildActionMask = 2147483647;
			files = (
			);
			runOnlyForDeploymentPostprocessing = 0;
		};
		A2EFC663255EB6CA00D9E93F /* Resources */ = {
			isa = PBXResourcesBuildPhase;
			buildActionMask = 2147483647;
			files = (
			);
			runOnlyForDeploymentPostprocessing = 0;
		};
/* End PBXResourcesBuildPhase section */

/* Begin PBXShellScriptBuildPhase section */
		1989E4EE3BFB1CAD82D69B7A /* [CP] Check Pods Manifest.lock */ = {
			isa = PBXShellScriptBuildPhase;
			buildActionMask = 2147483647;
			files = (
			);
			inputFileListPaths = (
			);
			inputPaths = (
				"${PODS_PODFILE_DIR_PATH}/Podfile.lock",
				"${PODS_ROOT}/Manifest.lock",
			);
			name = "[CP] Check Pods Manifest.lock";
			outputFileListPaths = (
			);
			outputPaths = (
				"$(DERIVED_FILE_DIR)/Pods-Domain-DomainTests-checkManifestLockResult.txt",
			);
			runOnlyForDeploymentPostprocessing = 0;
			shellPath = /bin/sh;
			shellScript = "diff \"${PODS_PODFILE_DIR_PATH}/Podfile.lock\" \"${PODS_ROOT}/Manifest.lock\" > /dev/null\nif [ $? != 0 ] ; then\n    # print error to STDERR\n    echo \"error: The sandbox is not in sync with the Podfile.lock. Run 'pod install' or update your CocoaPods installation.\" >&2\n    exit 1\nfi\n# This output is used by Xcode 'outputs' to avoid re-running this script phase.\necho \"SUCCESS\" > \"${SCRIPT_OUTPUT_FILE_0}\"\n";
			showEnvVarsInLog = 0;
		};
		5679A59B1105C1D218EC3B36 /* [CP] Check Pods Manifest.lock */ = {
			isa = PBXShellScriptBuildPhase;
			buildActionMask = 2147483647;
			files = (
			);
			inputFileListPaths = (
			);
			inputPaths = (
				"${PODS_PODFILE_DIR_PATH}/Podfile.lock",
				"${PODS_ROOT}/Manifest.lock",
			);
			name = "[CP] Check Pods Manifest.lock";
			outputFileListPaths = (
			);
			outputPaths = (
				"$(DERIVED_FILE_DIR)/Pods-Domain-checkManifestLockResult.txt",
			);
			runOnlyForDeploymentPostprocessing = 0;
			shellPath = /bin/sh;
			shellScript = "diff \"${PODS_PODFILE_DIR_PATH}/Podfile.lock\" \"${PODS_ROOT}/Manifest.lock\" > /dev/null\nif [ $? != 0 ] ; then\n    # print error to STDERR\n    echo \"error: The sandbox is not in sync with the Podfile.lock. Run 'pod install' or update your CocoaPods installation.\" >&2\n    exit 1\nfi\n# This output is used by Xcode 'outputs' to avoid re-running this script phase.\necho \"SUCCESS\" > \"${SCRIPT_OUTPUT_FILE_0}\"\n";
			showEnvVarsInLog = 0;
		};
		8E89E123D1B14585EA60A86E /* [CP] Check Pods Manifest.lock */ = {
			isa = PBXShellScriptBuildPhase;
			buildActionMask = 2147483647;
			files = (
			);
			inputFileListPaths = (
			);
			inputPaths = (
				"${PODS_PODFILE_DIR_PATH}/Podfile.lock",
				"${PODS_ROOT}/Manifest.lock",
			);
			name = "[CP] Check Pods Manifest.lock";
			outputFileListPaths = (
			);
			outputPaths = (
				"$(DERIVED_FILE_DIR)/Pods-CoffeeMaker-checkManifestLockResult.txt",
			);
			runOnlyForDeploymentPostprocessing = 0;
			shellPath = /bin/sh;
			shellScript = "diff \"${PODS_PODFILE_DIR_PATH}/Podfile.lock\" \"${PODS_ROOT}/Manifest.lock\" > /dev/null\nif [ $? != 0 ] ; then\n    # print error to STDERR\n    echo \"error: The sandbox is not in sync with the Podfile.lock. Run 'pod install' or update your CocoaPods installation.\" >&2\n    exit 1\nfi\n# This output is used by Xcode 'outputs' to avoid re-running this script phase.\necho \"SUCCESS\" > \"${SCRIPT_OUTPUT_FILE_0}\"\n";
			showEnvVarsInLog = 0;
		};
		9255A80FD43FFDAC2D522831 /* [CP] Check Pods Manifest.lock */ = {
			isa = PBXShellScriptBuildPhase;
			buildActionMask = 2147483647;
			files = (
			);
			inputFileListPaths = (
			);
			inputPaths = (
				"${PODS_PODFILE_DIR_PATH}/Podfile.lock",
				"${PODS_ROOT}/Manifest.lock",
			);
			name = "[CP] Check Pods Manifest.lock";
			outputFileListPaths = (
			);
			outputPaths = (
				"$(DERIVED_FILE_DIR)/Pods-CoffeeMakerTests-checkManifestLockResult.txt",
			);
			runOnlyForDeploymentPostprocessing = 0;
			shellPath = /bin/sh;
			shellScript = "diff \"${PODS_PODFILE_DIR_PATH}/Podfile.lock\" \"${PODS_ROOT}/Manifest.lock\" > /dev/null\nif [ $? != 0 ] ; then\n    # print error to STDERR\n    echo \"error: The sandbox is not in sync with the Podfile.lock. Run 'pod install' or update your CocoaPods installation.\" >&2\n    exit 1\nfi\n# This output is used by Xcode 'outputs' to avoid re-running this script phase.\necho \"SUCCESS\" > \"${SCRIPT_OUTPUT_FILE_0}\"\n";
			showEnvVarsInLog = 0;
		};
/* End PBXShellScriptBuildPhase section */

/* Begin PBXSourcesBuildPhase section */
		A2EFC5EF255EB19500D9E93F /* Sources */ = {
			isa = PBXSourcesBuildPhase;
			buildActionMask = 2147483647;
			files = (
				A2EFC603255EB19700D9E93F /* CoffeeMaker.xcdatamodeld in Sources */,
				A2EFC600255EB19700D9E93F /* Persistence.swift in Sources */,
				A2EFC5F9255EB19500D9E93F /* ContentView.swift in Sources */,
				A2EFC5F7255EB19500D9E93F /* CoffeeMakerApp.swift in Sources */,
			);
			runOnlyForDeploymentPostprocessing = 0;
		};
		A2EFC605255EB19800D9E93F /* Sources */ = {
			isa = PBXSourcesBuildPhase;
			buildActionMask = 2147483647;
			files = (
				A2EFC60E255EB19800D9E93F /* CoffeeMakerTests.swift in Sources */,
			);
			runOnlyForDeploymentPostprocessing = 0;
		};
		A2EFC610255EB19800D9E93F /* Sources */ = {
			isa = PBXSourcesBuildPhase;
			buildActionMask = 2147483647;
			files = (
				A2EFC619255EB19800D9E93F /* CoffeeMakerUITests.swift in Sources */,
			);
			runOnlyForDeploymentPostprocessing = 0;
		};
		A2EFC659255EB6C900D9E93F /* Sources */ = {
			isa = PBXSourcesBuildPhase;
			buildActionMask = 2147483647;
			files = (
				A2EFC688255EB99500D9E93F /* GetAllCoffees.swift in Sources */,
				A2EFC68E255EB99F00D9E93F /* AddCoffee.swift in Sources */,
				A2EFC682255EB93900D9E93F /* Coffee.swift in Sources */,
				A2EFC694255EB9A700D9E93F /* RemoveCoffee.swift in Sources */,
			);
			runOnlyForDeploymentPostprocessing = 0;
		};
		A2EFC661255EB6CA00D9E93F /* Sources */ = {
			isa = PBXSourcesBuildPhase;
			buildActionMask = 2147483647;
			files = (
				A2EFC66D255EB6CA00D9E93F /* DomainTests.swift in Sources */,
			);
			runOnlyForDeploymentPostprocessing = 0;
		};
/* End PBXSourcesBuildPhase section */

/* Begin PBXTargetDependency section */
		A2EFC60B255EB19800D9E93F /* PBXTargetDependency */ = {
			isa = PBXTargetDependency;
			target = A2EFC5F2255EB19500D9E93F /* CoffeeMaker */;
			targetProxy = A2EFC60A255EB19800D9E93F /* PBXContainerItemProxy */;
		};
		A2EFC616255EB19800D9E93F /* PBXTargetDependency */ = {
			isa = PBXTargetDependency;
			target = A2EFC5F2255EB19500D9E93F /* CoffeeMaker */;
			targetProxy = A2EFC615255EB19800D9E93F /* PBXContainerItemProxy */;
		};
		A2EFC668255EB6CA00D9E93F /* PBXTargetDependency */ = {
			isa = PBXTargetDependency;
			target = A2EFC65C255EB6C900D9E93F /* Domain */;
			targetProxy = A2EFC667255EB6CA00D9E93F /* PBXContainerItemProxy */;
		};
		A2EFC66A255EB6CA00D9E93F /* PBXTargetDependency */ = {
			isa = PBXTargetDependency;
			target = A2EFC5F2255EB19500D9E93F /* CoffeeMaker */;
			targetProxy = A2EFC669255EB6CA00D9E93F /* PBXContainerItemProxy */;
		};
		A2EFC671255EB6CA00D9E93F /* PBXTargetDependency */ = {
			isa = PBXTargetDependency;
			target = A2EFC65C255EB6C900D9E93F /* Domain */;
			targetProxy = A2EFC670255EB6CA00D9E93F /* PBXContainerItemProxy */;
		};
/* End PBXTargetDependency section */

/* Begin XCBuildConfiguration section */
		A2EFC61B255EB19800D9E93F /* Debug */ = {
			isa = XCBuildConfiguration;
			buildSettings = {
				ALWAYS_SEARCH_USER_PATHS = NO;
				CLANG_ANALYZER_NONNULL = YES;
				CLANG_ANALYZER_NUMBER_OBJECT_CONVERSION = YES_AGGRESSIVE;
				CLANG_CXX_LANGUAGE_STANDARD = "gnu++14";
				CLANG_CXX_LIBRARY = "libc++";
				CLANG_ENABLE_MODULES = YES;
				CLANG_ENABLE_OBJC_ARC = YES;
				CLANG_ENABLE_OBJC_WEAK = YES;
				CLANG_WARN_BLOCK_CAPTURE_AUTORELEASING = YES;
				CLANG_WARN_BOOL_CONVERSION = YES;
				CLANG_WARN_COMMA = YES;
				CLANG_WARN_CONSTANT_CONVERSION = YES;
				CLANG_WARN_DEPRECATED_OBJC_IMPLEMENTATIONS = YES;
				CLANG_WARN_DIRECT_OBJC_ISA_USAGE = YES_ERROR;
				CLANG_WARN_DOCUMENTATION_COMMENTS = YES;
				CLANG_WARN_EMPTY_BODY = YES;
				CLANG_WARN_ENUM_CONVERSION = YES;
				CLANG_WARN_INFINITE_RECURSION = YES;
				CLANG_WARN_INT_CONVERSION = YES;
				CLANG_WARN_NON_LITERAL_NULL_CONVERSION = YES;
				CLANG_WARN_OBJC_IMPLICIT_RETAIN_SELF = YES;
				CLANG_WARN_OBJC_LITERAL_CONVERSION = YES;
				CLANG_WARN_OBJC_ROOT_CLASS = YES_ERROR;
				CLANG_WARN_QUOTED_INCLUDE_IN_FRAMEWORK_HEADER = YES;
				CLANG_WARN_RANGE_LOOP_ANALYSIS = YES;
				CLANG_WARN_STRICT_PROTOTYPES = YES;
				CLANG_WARN_SUSPICIOUS_MOVE = YES;
				CLANG_WARN_UNGUARDED_AVAILABILITY = YES_AGGRESSIVE;
				CLANG_WARN_UNREACHABLE_CODE = YES;
				CLANG_WARN__DUPLICATE_METHOD_MATCH = YES;
				COPY_PHASE_STRIP = NO;
				DEBUG_INFORMATION_FORMAT = dwarf;
				ENABLE_STRICT_OBJC_MSGSEND = YES;
				ENABLE_TESTABILITY = YES;
				GCC_C_LANGUAGE_STANDARD = gnu11;
				GCC_DYNAMIC_NO_PIC = NO;
				GCC_NO_COMMON_BLOCKS = YES;
				GCC_OPTIMIZATION_LEVEL = 0;
				GCC_PREPROCESSOR_DEFINITIONS = (
					"DEBUG=1",
					"$(inherited)",
				);
				GCC_WARN_64_TO_32_BIT_CONVERSION = YES;
				GCC_WARN_ABOUT_RETURN_TYPE = YES_ERROR;
				GCC_WARN_UNDECLARED_SELECTOR = YES;
				GCC_WARN_UNINITIALIZED_AUTOS = YES_AGGRESSIVE;
				GCC_WARN_UNUSED_FUNCTION = YES;
				GCC_WARN_UNUSED_VARIABLE = YES;
				IPHONEOS_DEPLOYMENT_TARGET = 14.0;
				MTL_ENABLE_DEBUG_INFO = INCLUDE_SOURCE;
				MTL_FAST_MATH = YES;
				ONLY_ACTIVE_ARCH = YES;
				SDKROOT = iphoneos;
				SWIFT_ACTIVE_COMPILATION_CONDITIONS = DEBUG;
				SWIFT_OPTIMIZATION_LEVEL = "-Onone";
			};
			name = Debug;
		};
		A2EFC61C255EB19800D9E93F /* Release */ = {
			isa = XCBuildConfiguration;
			buildSettings = {
				ALWAYS_SEARCH_USER_PATHS = NO;
				CLANG_ANALYZER_NONNULL = YES;
				CLANG_ANALYZER_NUMBER_OBJECT_CONVERSION = YES_AGGRESSIVE;
				CLANG_CXX_LANGUAGE_STANDARD = "gnu++14";
				CLANG_CXX_LIBRARY = "libc++";
				CLANG_ENABLE_MODULES = YES;
				CLANG_ENABLE_OBJC_ARC = YES;
				CLANG_ENABLE_OBJC_WEAK = YES;
				CLANG_WARN_BLOCK_CAPTURE_AUTORELEASING = YES;
				CLANG_WARN_BOOL_CONVERSION = YES;
				CLANG_WARN_COMMA = YES;
				CLANG_WARN_CONSTANT_CONVERSION = YES;
				CLANG_WARN_DEPRECATED_OBJC_IMPLEMENTATIONS = YES;
				CLANG_WARN_DIRECT_OBJC_ISA_USAGE = YES_ERROR;
				CLANG_WARN_DOCUMENTATION_COMMENTS = YES;
				CLANG_WARN_EMPTY_BODY = YES;
				CLANG_WARN_ENUM_CONVERSION = YES;
				CLANG_WARN_INFINITE_RECURSION = YES;
				CLANG_WARN_INT_CONVERSION = YES;
				CLANG_WARN_NON_LITERAL_NULL_CONVERSION = YES;
				CLANG_WARN_OBJC_IMPLICIT_RETAIN_SELF = YES;
				CLANG_WARN_OBJC_LITERAL_CONVERSION = YES;
				CLANG_WARN_OBJC_ROOT_CLASS = YES_ERROR;
				CLANG_WARN_QUOTED_INCLUDE_IN_FRAMEWORK_HEADER = YES;
				CLANG_WARN_RANGE_LOOP_ANALYSIS = YES;
				CLANG_WARN_STRICT_PROTOTYPES = YES;
				CLANG_WARN_SUSPICIOUS_MOVE = YES;
				CLANG_WARN_UNGUARDED_AVAILABILITY = YES_AGGRESSIVE;
				CLANG_WARN_UNREACHABLE_CODE = YES;
				CLANG_WARN__DUPLICATE_METHOD_MATCH = YES;
				COPY_PHASE_STRIP = NO;
				DEBUG_INFORMATION_FORMAT = "dwarf-with-dsym";
				ENABLE_NS_ASSERTIONS = NO;
				ENABLE_STRICT_OBJC_MSGSEND = YES;
				GCC_C_LANGUAGE_STANDARD = gnu11;
				GCC_NO_COMMON_BLOCKS = YES;
				GCC_WARN_64_TO_32_BIT_CONVERSION = YES;
				GCC_WARN_ABOUT_RETURN_TYPE = YES_ERROR;
				GCC_WARN_UNDECLARED_SELECTOR = YES;
				GCC_WARN_UNINITIALIZED_AUTOS = YES_AGGRESSIVE;
				GCC_WARN_UNUSED_FUNCTION = YES;
				GCC_WARN_UNUSED_VARIABLE = YES;
				IPHONEOS_DEPLOYMENT_TARGET = 14.0;
				MTL_ENABLE_DEBUG_INFO = NO;
				MTL_FAST_MATH = YES;
				SDKROOT = iphoneos;
				SWIFT_COMPILATION_MODE = wholemodule;
				SWIFT_OPTIMIZATION_LEVEL = "-O";
				VALIDATE_PRODUCT = YES;
			};
			name = Release;
		};
		A2EFC61E255EB19800D9E93F /* Debug */ = {
			isa = XCBuildConfiguration;
			baseConfigurationReference = EB33BBF77324CCC0F8F87380 /* Pods-CoffeeMaker.debug.xcconfig */;
			buildSettings = {
				ALWAYS_EMBED_SWIFT_STANDARD_LIBRARIES = YES;
				ASSETCATALOG_COMPILER_APPICON_NAME = AppIcon;
				ASSETCATALOG_COMPILER_GLOBAL_ACCENT_COLOR_NAME = AccentColor;
				CODE_SIGN_STYLE = Automatic;
				DEVELOPMENT_ASSET_PATHS = "\"CoffeeMaker/Preview Content\"";
				DEVELOPMENT_TEAM = 8E4R5MT7MB;
				ENABLE_PREVIEWS = YES;
				INFOPLIST_FILE = CoffeeMaker/Info.plist;
				IPHONEOS_DEPLOYMENT_TARGET = 14.0;
				LD_RUNPATH_SEARCH_PATHS = (
					"$(inherited)",
					"@executable_path/Frameworks",
				);
				PRODUCT_BUNDLE_IDENTIFIER = com.polszacki.CoffeeMaker;
				PRODUCT_NAME = "$(TARGET_NAME)";
				SWIFT_VERSION = 5.0;
				TARGETED_DEVICE_FAMILY = "1,2";
			};
			name = Debug;
		};
		A2EFC61F255EB19800D9E93F /* Release */ = {
			isa = XCBuildConfiguration;
			baseConfigurationReference = 7CE901F2ECBA63608CECE0F2 /* Pods-CoffeeMaker.release.xcconfig */;
			buildSettings = {
				ALWAYS_EMBED_SWIFT_STANDARD_LIBRARIES = YES;
				ASSETCATALOG_COMPILER_APPICON_NAME = AppIcon;
				ASSETCATALOG_COMPILER_GLOBAL_ACCENT_COLOR_NAME = AccentColor;
				CODE_SIGN_STYLE = Automatic;
				DEVELOPMENT_ASSET_PATHS = "\"CoffeeMaker/Preview Content\"";
				DEVELOPMENT_TEAM = 8E4R5MT7MB;
				ENABLE_PREVIEWS = YES;
				INFOPLIST_FILE = CoffeeMaker/Info.plist;
				IPHONEOS_DEPLOYMENT_TARGET = 14.0;
				LD_RUNPATH_SEARCH_PATHS = (
					"$(inherited)",
					"@executable_path/Frameworks",
				);
				PRODUCT_BUNDLE_IDENTIFIER = com.polszacki.CoffeeMaker;
				PRODUCT_NAME = "$(TARGET_NAME)";
				SWIFT_VERSION = 5.0;
				TARGETED_DEVICE_FAMILY = "1,2";
			};
			name = Release;
		};
		A2EFC621255EB19800D9E93F /* Debug */ = {
			isa = XCBuildConfiguration;
			baseConfigurationReference = EB508F64A5411FA5904EC4C0 /* Pods-CoffeeMakerTests.debug.xcconfig */;
			buildSettings = {
				ALWAYS_EMBED_SWIFT_STANDARD_LIBRARIES = YES;
				BUNDLE_LOADER = "$(TEST_HOST)";
				CODE_SIGN_STYLE = Automatic;
				DEVELOPMENT_TEAM = 8E4R5MT7MB;
				INFOPLIST_FILE = CoffeeMakerTests/Info.plist;
				IPHONEOS_DEPLOYMENT_TARGET = 14.0;
				LD_RUNPATH_SEARCH_PATHS = (
					"$(inherited)",
					"@executable_path/Frameworks",
					"@loader_path/Frameworks",
				);
				PRODUCT_BUNDLE_IDENTIFIER = com.polszacki.CoffeeMakerTests;
				PRODUCT_NAME = "$(TARGET_NAME)";
				SWIFT_VERSION = 5.0;
				TARGETED_DEVICE_FAMILY = "1,2";
				TEST_HOST = "$(BUILT_PRODUCTS_DIR)/CoffeeMaker.app/CoffeeMaker";
			};
			name = Debug;
		};
		A2EFC622255EB19800D9E93F /* Release */ = {
			isa = XCBuildConfiguration;
			baseConfigurationReference = 9B9FC371D486F98496BEF9BA /* Pods-CoffeeMakerTests.release.xcconfig */;
			buildSettings = {
				ALWAYS_EMBED_SWIFT_STANDARD_LIBRARIES = YES;
				BUNDLE_LOADER = "$(TEST_HOST)";
				CODE_SIGN_STYLE = Automatic;
				DEVELOPMENT_TEAM = 8E4R5MT7MB;
				INFOPLIST_FILE = CoffeeMakerTests/Info.plist;
				IPHONEOS_DEPLOYMENT_TARGET = 14.0;
				LD_RUNPATH_SEARCH_PATHS = (
					"$(inherited)",
					"@executable_path/Frameworks",
					"@loader_path/Frameworks",
				);
				PRODUCT_BUNDLE_IDENTIFIER = com.polszacki.CoffeeMakerTests;
				PRODUCT_NAME = "$(TARGET_NAME)";
				SWIFT_VERSION = 5.0;
				TARGETED_DEVICE_FAMILY = "1,2";
				TEST_HOST = "$(BUILT_PRODUCTS_DIR)/CoffeeMaker.app/CoffeeMaker";
			};
			name = Release;
		};
		A2EFC624255EB19800D9E93F /* Debug */ = {
			isa = XCBuildConfiguration;
			buildSettings = {
				ALWAYS_EMBED_SWIFT_STANDARD_LIBRARIES = YES;
				CODE_SIGN_STYLE = Automatic;
				DEVELOPMENT_TEAM = 8E4R5MT7MB;
				INFOPLIST_FILE = CoffeeMakerUITests/Info.plist;
				LD_RUNPATH_SEARCH_PATHS = (
					"$(inherited)",
					"@executable_path/Frameworks",
					"@loader_path/Frameworks",
				);
				PRODUCT_BUNDLE_IDENTIFIER = com.polszacki.CoffeeMakerUITests;
				PRODUCT_NAME = "$(TARGET_NAME)";
				SWIFT_VERSION = 5.0;
				TARGETED_DEVICE_FAMILY = "1,2";
				TEST_TARGET_NAME = CoffeeMaker;
			};
			name = Debug;
		};
		A2EFC625255EB19800D9E93F /* Release */ = {
			isa = XCBuildConfiguration;
			buildSettings = {
				ALWAYS_EMBED_SWIFT_STANDARD_LIBRARIES = YES;
				CODE_SIGN_STYLE = Automatic;
				DEVELOPMENT_TEAM = 8E4R5MT7MB;
				INFOPLIST_FILE = CoffeeMakerUITests/Info.plist;
				LD_RUNPATH_SEARCH_PATHS = (
					"$(inherited)",
					"@executable_path/Frameworks",
					"@loader_path/Frameworks",
				);
				PRODUCT_BUNDLE_IDENTIFIER = com.polszacki.CoffeeMakerUITests;
				PRODUCT_NAME = "$(TARGET_NAME)";
				SWIFT_VERSION = 5.0;
				TARGETED_DEVICE_FAMILY = "1,2";
				TEST_TARGET_NAME = CoffeeMaker;
			};
			name = Release;
		};
		A2EFC675255EB6CA00D9E93F /* Debug */ = {
			isa = XCBuildConfiguration;
			baseConfigurationReference = C95E4F3C6FFFF78676853BC0 /* Pods-Domain.debug.xcconfig */;
			buildSettings = {
				CLANG_ENABLE_MODULES = YES;
				CODE_SIGN_STYLE = Automatic;
				CURRENT_PROJECT_VERSION = 1;
				DEFINES_MODULE = YES;
				DEVELOPMENT_TEAM = 8E4R5MT7MB;
				DYLIB_COMPATIBILITY_VERSION = 1;
				DYLIB_CURRENT_VERSION = 1;
				DYLIB_INSTALL_NAME_BASE = "@rpath";
				INFOPLIST_FILE = Domain/Info.plist;
				INSTALL_PATH = "$(LOCAL_LIBRARY_DIR)/Frameworks";
				LD_RUNPATH_SEARCH_PATHS = (
					"$(inherited)",
					"@executable_path/Frameworks",
					"@loader_path/Frameworks",
				);
				PRODUCT_BUNDLE_IDENTIFIER = com.polszacki.coffeemaker.Domain;
				PRODUCT_NAME = "$(TARGET_NAME:c99extidentifier)";
				SKIP_INSTALL = YES;
				SWIFT_OPTIMIZATION_LEVEL = "-Onone";
				SWIFT_VERSION = 5.0;
				TARGETED_DEVICE_FAMILY = "1,2";
				VERSIONING_SYSTEM = "apple-generic";
				VERSION_INFO_PREFIX = "";
			};
			name = Debug;
		};
		A2EFC676255EB6CA00D9E93F /* Release */ = {
			isa = XCBuildConfiguration;
			baseConfigurationReference = AC785D695DC9BED643F566FB /* Pods-Domain.release.xcconfig */;
			buildSettings = {
				CLANG_ENABLE_MODULES = YES;
				CODE_SIGN_STYLE = Automatic;
				CURRENT_PROJECT_VERSION = 1;
				DEFINES_MODULE = YES;
				DEVELOPMENT_TEAM = 8E4R5MT7MB;
				DYLIB_COMPATIBILITY_VERSION = 1;
				DYLIB_CURRENT_VERSION = 1;
				DYLIB_INSTALL_NAME_BASE = "@rpath";
				INFOPLIST_FILE = Domain/Info.plist;
				INSTALL_PATH = "$(LOCAL_LIBRARY_DIR)/Frameworks";
				LD_RUNPATH_SEARCH_PATHS = (
					"$(inherited)",
					"@executable_path/Frameworks",
					"@loader_path/Frameworks",
				);
				PRODUCT_BUNDLE_IDENTIFIER = com.polszacki.coffeemaker.Domain;
				PRODUCT_NAME = "$(TARGET_NAME:c99extidentifier)";
				SKIP_INSTALL = YES;
				SWIFT_VERSION = 5.0;
				TARGETED_DEVICE_FAMILY = "1,2";
				VERSIONING_SYSTEM = "apple-generic";
				VERSION_INFO_PREFIX = "";
			};
			name = Release;
		};
		A2EFC679255EB6CA00D9E93F /* Debug */ = {
			isa = XCBuildConfiguration;
			baseConfigurationReference = 1E4D0AAC50402BCAE465E699 /* Pods-Domain-DomainTests.debug.xcconfig */;
			buildSettings = {
				ALWAYS_EMBED_SWIFT_STANDARD_LIBRARIES = YES;
				CODE_SIGN_STYLE = Automatic;
				DEVELOPMENT_TEAM = 8E4R5MT7MB;
				INFOPLIST_FILE = DomainTests/Info.plist;
				LD_RUNPATH_SEARCH_PATHS = (
					"$(inherited)",
					"@executable_path/Frameworks",
					"@loader_path/Frameworks",
				);
				PRODUCT_BUNDLE_IDENTIFIER = com.polszacki.coffeemaker.DomainTests;
				PRODUCT_NAME = "$(TARGET_NAME)";
				SWIFT_VERSION = 5.0;
				TARGETED_DEVICE_FAMILY = "1,2";
				TEST_HOST = "$(BUILT_PRODUCTS_DIR)/CoffeeMaker.app/CoffeeMaker";
			};
			name = Debug;
		};
		A2EFC67A255EB6CA00D9E93F /* Release */ = {
			isa = XCBuildConfiguration;
			baseConfigurationReference = E2D4DE1ED0CB4DE60D36106E /* Pods-Domain-DomainTests.release.xcconfig */;
			buildSettings = {
				ALWAYS_EMBED_SWIFT_STANDARD_LIBRARIES = YES;
				CODE_SIGN_STYLE = Automatic;
				DEVELOPMENT_TEAM = 8E4R5MT7MB;
				INFOPLIST_FILE = DomainTests/Info.plist;
				LD_RUNPATH_SEARCH_PATHS = (
					"$(inherited)",
					"@executable_path/Frameworks",
					"@loader_path/Frameworks",
				);
				PRODUCT_BUNDLE_IDENTIFIER = com.polszacki.coffeemaker.DomainTests;
				PRODUCT_NAME = "$(TARGET_NAME)";
				SWIFT_VERSION = 5.0;
				TARGETED_DEVICE_FAMILY = "1,2";
				TEST_HOST = "$(BUILT_PRODUCTS_DIR)/CoffeeMaker.app/CoffeeMaker";
			};
			name = Release;
		};
/* End XCBuildConfiguration section */

/* Begin XCConfigurationList section */
		A2EFC5EE255EB19500D9E93F /* Build configuration list for PBXProject "CoffeeMaker" */ = {
			isa = XCConfigurationList;
			buildConfigurations = (
				A2EFC61B255EB19800D9E93F /* Debug */,
				A2EFC61C255EB19800D9E93F /* Release */,
			);
			defaultConfigurationIsVisible = 0;
			defaultConfigurationName = Release;
		};
		A2EFC61D255EB19800D9E93F /* Build configuration list for PBXNativeTarget "CoffeeMaker" */ = {
			isa = XCConfigurationList;
			buildConfigurations = (
				A2EFC61E255EB19800D9E93F /* Debug */,
				A2EFC61F255EB19800D9E93F /* Release */,
			);
			defaultConfigurationIsVisible = 0;
			defaultConfigurationName = Release;
		};
		A2EFC620255EB19800D9E93F /* Build configuration list for PBXNativeTarget "CoffeeMakerTests" */ = {
			isa = XCConfigurationList;
			buildConfigurations = (
				A2EFC621255EB19800D9E93F /* Debug */,
				A2EFC622255EB19800D9E93F /* Release */,
			);
			defaultConfigurationIsVisible = 0;
			defaultConfigurationName = Release;
		};
		A2EFC623255EB19800D9E93F /* Build configuration list for PBXNativeTarget "CoffeeMakerUITests" */ = {
			isa = XCConfigurationList;
			buildConfigurations = (
				A2EFC624255EB19800D9E93F /* Debug */,
				A2EFC625255EB19800D9E93F /* Release */,
			);
			defaultConfigurationIsVisible = 0;
			defaultConfigurationName = Release;
		};
		A2EFC674255EB6CA00D9E93F /* Build configuration list for PBXNativeTarget "Domain" */ = {
			isa = XCConfigurationList;
			buildConfigurations = (
				A2EFC675255EB6CA00D9E93F /* Debug */,
				A2EFC676255EB6CA00D9E93F /* Release */,
			);
			defaultConfigurationIsVisible = 0;
			defaultConfigurationName = Release;
		};
		A2EFC678255EB6CA00D9E93F /* Build configuration list for PBXNativeTarget "DomainTests" */ = {
			isa = XCConfigurationList;
			buildConfigurations = (
				A2EFC679255EB6CA00D9E93F /* Debug */,
				A2EFC67A255EB6CA00D9E93F /* Release */,
			);
			defaultConfigurationIsVisible = 0;
			defaultConfigurationName = Release;
		};
/* End XCConfigurationList section */

/* Begin XCVersionGroup section */
		A2EFC601255EB19700D9E93F /* CoffeeMaker.xcdatamodeld */ = {
			isa = XCVersionGroup;
			children = (
				A2EFC602255EB19700D9E93F /* CoffeeMaker.xcdatamodel */,
			);
			currentVersion = A2EFC602255EB19700D9E93F /* CoffeeMaker.xcdatamodel */;
			path = CoffeeMaker.xcdatamodeld;
			sourceTree = "<group>";
			versionGroupType = wrapper.xcdatamodel;
		};
/* End XCVersionGroup section */
	};
	rootObject = A2EFC5EB255EB19500D9E93F /* Project object */;
}
